// !$*UTF8*$!
{
	archiveVersion = 1;
	classes = {
	};
	objectVersion = 55;
	objects = {

/* Begin PBXBuildFile section */
		AA3E15B527C8EEC3008DABD0 /* EssentialFeedAPIEndToEndTests.swift in Sources */ = {isa = PBXBuildFile; fileRef = AA3E15B427C8EEC3008DABD0 /* EssentialFeedAPIEndToEndTests.swift */; };
		AA3E15B627C8EEC3008DABD0 /* EssentialFeed.framework in Frameworks */ = {isa = PBXBuildFile; fileRef = AAAF382427BA60080036F0C6 /* EssentialFeed.framework */; };
		AA3E15BC27C8F7BF008DABD0 /* XCTestCase+MemoryLeakTracking.swift in Sources */ = {isa = PBXBuildFile; fileRef = AA6B6C1827C6BD3D0064DFB8 /* XCTestCase+MemoryLeakTracking.swift */; };
		AA67B1C127C2A6B100D19DF4 /* HTTPClient.swift in Sources */ = {isa = PBXBuildFile; fileRef = AA67B1C027C2A6B100D19DF4 /* HTTPClient.swift */; };
		AA67B1C327C2A6FB00D19DF4 /* FeedItemMapper.swift in Sources */ = {isa = PBXBuildFile; fileRef = AA67B1C227C2A6FB00D19DF4 /* FeedItemMapper.swift */; };
		AA67B1C627C2C0A700D19DF4 /* URLSessionHTTPClientTests.swift in Sources */ = {isa = PBXBuildFile; fileRef = AA67B1C527C2C0A700D19DF4 /* URLSessionHTTPClientTests.swift */; };
		AA6B6C1927C6BD3D0064DFB8 /* XCTestCase+MemoryLeakTracking.swift in Sources */ = {isa = PBXBuildFile; fileRef = AA6B6C1827C6BD3D0064DFB8 /* XCTestCase+MemoryLeakTracking.swift */; };
		AA6B6C1B27C6C9FE0064DFB8 /* URLSessionHTTPClient.swift in Sources */ = {isa = PBXBuildFile; fileRef = AA6B6C1A27C6C9FE0064DFB8 /* URLSessionHTTPClient.swift */; };
		AAAF382D27BA60080036F0C6 /* EssentialFeed.framework in Frameworks */ = {isa = PBXBuildFile; fileRef = AAAF382427BA60080036F0C6 /* EssentialFeed.framework */; };
		AAAF383227BA60080036F0C6 /* LoadFeedFromRemoteUseCaseTests.swift in Sources */ = {isa = PBXBuildFile; fileRef = AAAF383127BA60080036F0C6 /* LoadFeedFromRemoteUseCaseTests.swift */; };
		AAAF383327BA60080036F0C6 /* EssentialFeed.h in Headers */ = {isa = PBXBuildFile; fileRef = AAAF382727BA60080036F0C6 /* EssentialFeed.h */; settings = {ATTRIBUTES = (Public, ); }; };
		AAAF383D27BA60910036F0C6 /* FeedItem.swift in Sources */ = {isa = PBXBuildFile; fileRef = AAAF383C27BA60910036F0C6 /* FeedItem.swift */; };
		AAAF383F27BA638D0036F0C6 /* FeedLoader.swift in Sources */ = {isa = PBXBuildFile; fileRef = AAAF383E27BA638D0036F0C6 /* FeedLoader.swift */; };
		AAAF384327BA6A470036F0C6 /* RemoteFeedLoader.swift in Sources */ = {isa = PBXBuildFile; fileRef = AAAF384227BA6A470036F0C6 /* RemoteFeedLoader.swift */; };
/* End PBXBuildFile section */

/* Begin PBXContainerItemProxy section */
		AA3E15B727C8EEC3008DABD0 /* PBXContainerItemProxy */ = {
			isa = PBXContainerItemProxy;
			containerPortal = AAAF381B27BA60080036F0C6 /* Project object */;
			proxyType = 1;
			remoteGlobalIDString = AAAF382327BA60080036F0C6;
			remoteInfo = EssentialFeed;
		};
		AAAF382E27BA60080036F0C6 /* PBXContainerItemProxy */ = {
			isa = PBXContainerItemProxy;
			containerPortal = AAAF381B27BA60080036F0C6 /* Project object */;
			proxyType = 1;
			remoteGlobalIDString = AAAF382327BA60080036F0C6;
			remoteInfo = EssentialFeed;
		};
/* End PBXContainerItemProxy section */

/* Begin PBXFileReference section */
		AA3E15B227C8EEC3008DABD0 /* EssentialFeedAPIEndToEndTests.xctest */ = {isa = PBXFileReference; explicitFileType = wrapper.cfbundle; includeInIndex = 0; path = EssentialFeedAPIEndToEndTests.xctest; sourceTree = BUILT_PRODUCTS_DIR; };
		AA3E15B427C8EEC3008DABD0 /* EssentialFeedAPIEndToEndTests.swift */ = {isa = PBXFileReference; lastKnownFileType = sourcecode.swift; path = EssentialFeedAPIEndToEndTests.swift; sourceTree = "<group>"; };
		AA67B1C027C2A6B100D19DF4 /* HTTPClient.swift */ = {isa = PBXFileReference; lastKnownFileType = sourcecode.swift; path = HTTPClient.swift; sourceTree = "<group>"; };
		AA67B1C227C2A6FB00D19DF4 /* FeedItemMapper.swift */ = {isa = PBXFileReference; lastKnownFileType = sourcecode.swift; path = FeedItemMapper.swift; sourceTree = "<group>"; };
		AA67B1C527C2C0A700D19DF4 /* URLSessionHTTPClientTests.swift */ = {isa = PBXFileReference; lastKnownFileType = sourcecode.swift; path = URLSessionHTTPClientTests.swift; sourceTree = "<group>"; };
		AA6B6C1827C6BD3D0064DFB8 /* XCTestCase+MemoryLeakTracking.swift */ = {isa = PBXFileReference; lastKnownFileType = sourcecode.swift; path = "XCTestCase+MemoryLeakTracking.swift"; sourceTree = "<group>"; };
		AA6B6C1A27C6C9FE0064DFB8 /* URLSessionHTTPClient.swift */ = {isa = PBXFileReference; lastKnownFileType = sourcecode.swift; path = URLSessionHTTPClient.swift; sourceTree = "<group>"; };
		AAAF382427BA60080036F0C6 /* EssentialFeed.framework */ = {isa = PBXFileReference; explicitFileType = wrapper.framework; includeInIndex = 0; path = EssentialFeed.framework; sourceTree = BUILT_PRODUCTS_DIR; };
		AAAF382727BA60080036F0C6 /* EssentialFeed.h */ = {isa = PBXFileReference; lastKnownFileType = sourcecode.c.h; path = EssentialFeed.h; sourceTree = "<group>"; };
		AAAF382C27BA60080036F0C6 /* EssentialFeedTests.xctest */ = {isa = PBXFileReference; explicitFileType = wrapper.cfbundle; includeInIndex = 0; path = EssentialFeedTests.xctest; sourceTree = BUILT_PRODUCTS_DIR; };
		AAAF383127BA60080036F0C6 /* LoadFeedFromRemoteUseCaseTests.swift */ = {isa = PBXFileReference; lastKnownFileType = sourcecode.swift; path = LoadFeedFromRemoteUseCaseTests.swift; sourceTree = "<group>"; };
		AAAF383C27BA60910036F0C6 /* FeedItem.swift */ = {isa = PBXFileReference; lastKnownFileType = sourcecode.swift; path = FeedItem.swift; sourceTree = "<group>"; };
		AAAF383E27BA638D0036F0C6 /* FeedLoader.swift */ = {isa = PBXFileReference; lastKnownFileType = sourcecode.swift; path = FeedLoader.swift; sourceTree = "<group>"; };
		AAAF384227BA6A470036F0C6 /* RemoteFeedLoader.swift */ = {isa = PBXFileReference; lastKnownFileType = sourcecode.swift; path = RemoteFeedLoader.swift; sourceTree = "<group>"; };
/* End PBXFileReference section */

/* Begin PBXFrameworksBuildPhase section */
		AA3E15AF27C8EEC3008DABD0 /* Frameworks */ = {
			isa = PBXFrameworksBuildPhase;
			buildActionMask = 2147483647;
			files = (
				AA3E15B627C8EEC3008DABD0 /* EssentialFeed.framework in Frameworks */,
			);
			runOnlyForDeploymentPostprocessing = 0;
		};
		AAAF382127BA60080036F0C6 /* Frameworks */ = {
			isa = PBXFrameworksBuildPhase;
			buildActionMask = 2147483647;
			files = (
			);
			runOnlyForDeploymentPostprocessing = 0;
		};
		AAAF382927BA60080036F0C6 /* Frameworks */ = {
			isa = PBXFrameworksBuildPhase;
			buildActionMask = 2147483647;
			files = (
				AAAF382D27BA60080036F0C6 /* EssentialFeed.framework in Frameworks */,
			);
			runOnlyForDeploymentPostprocessing = 0;
		};
/* End PBXFrameworksBuildPhase section */

/* Begin PBXGroup section */
		AA3E15B327C8EEC3008DABD0 /* EssentialFeedAPIEndToEndTests */ = {
			isa = PBXGroup;
			children = (
				AA3E15B427C8EEC3008DABD0 /* EssentialFeedAPIEndToEndTests.swift */,
			);
			path = EssentialFeedAPIEndToEndTests;
			sourceTree = "<group>";
		};
		AA67B1C427C2AB5700D19DF4 /* FeedAPI */ = {
			isa = PBXGroup;
			children = (
				AA6B6C1727C6BD1E0064DFB8 /* Helpers */,
				AAAF383127BA60080036F0C6 /* LoadFeedFromRemoteUseCaseTests.swift */,
				AA67B1C527C2C0A700D19DF4 /* URLSessionHTTPClientTests.swift */,
			);
			path = FeedAPI;
			sourceTree = "<group>";
		};
		AA6B6C1727C6BD1E0064DFB8 /* Helpers */ = {
			isa = PBXGroup;
			children = (
				AA6B6C1827C6BD3D0064DFB8 /* XCTestCase+MemoryLeakTracking.swift */,
			);
			path = Helpers;
			sourceTree = "<group>";
		};
		AAAF381A27BA60080036F0C6 = {
			isa = PBXGroup;
			children = (
				AAAF382627BA60080036F0C6 /* EssentialFeed */,
				AAAF383027BA60080036F0C6 /* EssentialFeedTests */,
				AA3E15B327C8EEC3008DABD0 /* EssentialFeedAPIEndToEndTests */,
				AAAF382527BA60080036F0C6 /* Products */,
			);
			sourceTree = "<group>";
		};
		AAAF382527BA60080036F0C6 /* Products */ = {
			isa = PBXGroup;
			children = (
				AAAF382427BA60080036F0C6 /* EssentialFeed.framework */,
				AAAF382C27BA60080036F0C6 /* EssentialFeedTests.xctest */,
				AA3E15B227C8EEC3008DABD0 /* EssentialFeedAPIEndToEndTests.xctest */,
			);
			name = Products;
			sourceTree = "<group>";
		};
		AAAF382627BA60080036F0C6 /* EssentialFeed */ = {
			isa = PBXGroup;
			children = (
				AAAF382727BA60080036F0C6 /* EssentialFeed.h */,
				AAAF384027BA63FF0036F0C6 /* FeedFeature */,
				AAAF384127BA6A340036F0C6 /* FeedAPI */,
			);
			path = EssentialFeed;
			sourceTree = "<group>";
		};
		AAAF383027BA60080036F0C6 /* EssentialFeedTests */ = {
			isa = PBXGroup;
			children = (
				AA67B1C427C2AB5700D19DF4 /* FeedAPI */,
			);
			path = EssentialFeedTests;
			sourceTree = "<group>";
		};
		AAAF384027BA63FF0036F0C6 /* FeedFeature */ = {
			isa = PBXGroup;
			children = (
				AAAF383C27BA60910036F0C6 /* FeedItem.swift */,
				AAAF383E27BA638D0036F0C6 /* FeedLoader.swift */,
			);
			path = FeedFeature;
			sourceTree = "<group>";
		};
		AAAF384127BA6A340036F0C6 /* FeedAPI */ = {
			isa = PBXGroup;
			children = (
				AAAF384227BA6A470036F0C6 /* RemoteFeedLoader.swift */,
				AA67B1C227C2A6FB00D19DF4 /* FeedItemMapper.swift */,
				AA67B1C027C2A6B100D19DF4 /* HTTPClient.swift */,
				AA6B6C1A27C6C9FE0064DFB8 /* URLSessionHTTPClient.swift */,
			);
			path = FeedAPI;
			sourceTree = "<group>";
		};
/* End PBXGroup section */

/* Begin PBXHeadersBuildPhase section */
		AAAF381F27BA60080036F0C6 /* Headers */ = {
			isa = PBXHeadersBuildPhase;
			buildActionMask = 2147483647;
			files = (
				AAAF383327BA60080036F0C6 /* EssentialFeed.h in Headers */,
			);
			runOnlyForDeploymentPostprocessing = 0;
		};
/* End PBXHeadersBuildPhase section */

/* Begin PBXNativeTarget section */
		AA3E15B127C8EEC3008DABD0 /* EssentialFeedAPIEndToEndTests */ = {
			isa = PBXNativeTarget;
			buildConfigurationList = AA3E15BB27C8EEC3008DABD0 /* Build configuration list for PBXNativeTarget "EssentialFeedAPIEndToEndTests" */;
			buildPhases = (
				AA3E15AE27C8EEC3008DABD0 /* Sources */,
				AA3E15AF27C8EEC3008DABD0 /* Frameworks */,
				AA3E15B027C8EEC3008DABD0 /* Resources */,
			);
			buildRules = (
			);
			dependencies = (
				AA3E15B827C8EEC3008DABD0 /* PBXTargetDependency */,
			);
			name = EssentialFeedAPIEndToEndTests;
			productName = EssentialFeedAPIEndToEndTests;
			productReference = AA3E15B227C8EEC3008DABD0 /* EssentialFeedAPIEndToEndTests.xctest */;
			productType = "com.apple.product-type.bundle.unit-test";
		};
		AAAF382327BA60080036F0C6 /* EssentialFeed */ = {
			isa = PBXNativeTarget;
			buildConfigurationList = AAAF383627BA60080036F0C6 /* Build configuration list for PBXNativeTarget "EssentialFeed" */;
			buildPhases = (
				AAAF381F27BA60080036F0C6 /* Headers */,
				AAAF382027BA60080036F0C6 /* Sources */,
				AAAF382127BA60080036F0C6 /* Frameworks */,
				AAAF382227BA60080036F0C6 /* Resources */,
			);
			buildRules = (
			);
			dependencies = (
			);
			name = EssentialFeed;
			productName = EssentialFeed;
			productReference = AAAF382427BA60080036F0C6 /* EssentialFeed.framework */;
			productType = "com.apple.product-type.framework";
		};
		AAAF382B27BA60080036F0C6 /* EssentialFeedTests */ = {
			isa = PBXNativeTarget;
			buildConfigurationList = AAAF383927BA60080036F0C6 /* Build configuration list for PBXNativeTarget "EssentialFeedTests" */;
			buildPhases = (
				AAAF382827BA60080036F0C6 /* Sources */,
				AAAF382927BA60080036F0C6 /* Frameworks */,
				AAAF382A27BA60080036F0C6 /* Resources */,
			);
			buildRules = (
			);
			dependencies = (
				AAAF382F27BA60080036F0C6 /* PBXTargetDependency */,
			);
			name = EssentialFeedTests;
			productName = EssentialFeedTests;
			productReference = AAAF382C27BA60080036F0C6 /* EssentialFeedTests.xctest */;
			productType = "com.apple.product-type.bundle.unit-test";
		};
/* End PBXNativeTarget section */

/* Begin PBXProject section */
		AAAF381B27BA60080036F0C6 /* Project object */ = {
			isa = PBXProject;
			attributes = {
				BuildIndependentTargetsInParallel = 1;
				LastSwiftUpdateCheck = 1320;
				LastUpgradeCheck = 1320;
				TargetAttributes = {
					AA3E15B127C8EEC3008DABD0 = {
						CreatedOnToolsVersion = 13.2.1;
					};
					AAAF382327BA60080036F0C6 = {
						CreatedOnToolsVersion = 13.2.1;
						LastSwiftMigration = 1320;
					};
					AAAF382B27BA60080036F0C6 = {
						CreatedOnToolsVersion = 13.2.1;
					};
				};
			};
			buildConfigurationList = AAAF381E27BA60080036F0C6 /* Build configuration list for PBXProject "EssentialFeed" */;
			compatibilityVersion = "Xcode 13.0";
			developmentRegion = en;
			hasScannedForEncodings = 0;
			knownRegions = (
				en,
				Base,
			);
			mainGroup = AAAF381A27BA60080036F0C6;
			productRefGroup = AAAF382527BA60080036F0C6 /* Products */;
			projectDirPath = "";
			projectRoot = "";
			targets = (
				AAAF382327BA60080036F0C6 /* EssentialFeed */,
				AAAF382B27BA60080036F0C6 /* EssentialFeedTests */,
				AA3E15B127C8EEC3008DABD0 /* EssentialFeedAPIEndToEndTests */,
			);
		};
/* End PBXProject section */

/* Begin PBXResourcesBuildPhase section */
		AA3E15B027C8EEC3008DABD0 /* Resources */ = {
			isa = PBXResourcesBuildPhase;
			buildActionMask = 2147483647;
			files = (
			);
			runOnlyForDeploymentPostprocessing = 0;
		};
		AAAF382227BA60080036F0C6 /* Resources */ = {
			isa = PBXResourcesBuildPhase;
			buildActionMask = 2147483647;
			files = (
			);
			runOnlyForDeploymentPostprocessing = 0;
		};
		AAAF382A27BA60080036F0C6 /* Resources */ = {
			isa = PBXResourcesBuildPhase;
			buildActionMask = 2147483647;
			files = (
			);
			runOnlyForDeploymentPostprocessing = 0;
		};
/* End PBXResourcesBuildPhase section */

/* Begin PBXSourcesBuildPhase section */
		AA3E15AE27C8EEC3008DABD0 /* Sources */ = {
			isa = PBXSourcesBuildPhase;
			buildActionMask = 2147483647;
			files = (
				AA3E15B527C8EEC3008DABD0 /* EssentialFeedAPIEndToEndTests.swift in Sources */,
				AA3E15BC27C8F7BF008DABD0 /* XCTestCase+MemoryLeakTracking.swift in Sources */,
			);
			runOnlyForDeploymentPostprocessing = 0;
		};
		AAAF382027BA60080036F0C6 /* Sources */ = {
			isa = PBXSourcesBuildPhase;
			buildActionMask = 2147483647;
			files = (
				AAAF383F27BA638D0036F0C6 /* FeedLoader.swift in Sources */,
				AA67B1C327C2A6FB00D19DF4 /* FeedItemMapper.swift in Sources */,
				AAAF384327BA6A470036F0C6 /* RemoteFeedLoader.swift in Sources */,
				AA67B1C127C2A6B100D19DF4 /* HTTPClient.swift in Sources */,
				AAAF383D27BA60910036F0C6 /* FeedItem.swift in Sources */,
				AA6B6C1B27C6C9FE0064DFB8 /* URLSessionHTTPClient.swift in Sources */,
			);
			runOnlyForDeploymentPostprocessing = 0;
		};
		AAAF382827BA60080036F0C6 /* Sources */ = {
			isa = PBXSourcesBuildPhase;
			buildActionMask = 2147483647;
			files = (
				AAAF383227BA60080036F0C6 /* LoadFeedFromRemoteUseCaseTests.swift in Sources */,
				AA67B1C627C2C0A700D19DF4 /* URLSessionHTTPClientTests.swift in Sources */,
				AA6B6C1927C6BD3D0064DFB8 /* XCTestCase+MemoryLeakTracking.swift in Sources */,
			);
			runOnlyForDeploymentPostprocessing = 0;
		};
/* End PBXSourcesBuildPhase section */

/* Begin PBXTargetDependency section */
		AA3E15B827C8EEC3008DABD0 /* PBXTargetDependency */ = {
			isa = PBXTargetDependency;
			target = AAAF382327BA60080036F0C6 /* EssentialFeed */;
			targetProxy = AA3E15B727C8EEC3008DABD0 /* PBXContainerItemProxy */;
		};
		AAAF382F27BA60080036F0C6 /* PBXTargetDependency */ = {
			isa = PBXTargetDependency;
			target = AAAF382327BA60080036F0C6 /* EssentialFeed */;
			targetProxy = AAAF382E27BA60080036F0C6 /* PBXContainerItemProxy */;
		};
/* End PBXTargetDependency section */

/* Begin XCBuildConfiguration section */
		AA3E15B927C8EEC3008DABD0 /* Debug */ = {
			isa = XCBuildConfiguration;
			buildSettings = {
				CODE_SIGN_STYLE = Automatic;
				CURRENT_PROJECT_VERSION = 1;
				DEVELOPMENT_TEAM = 25258ALHUD;
				GENERATE_INFOPLIST_FILE = YES;
				MACOSX_DEPLOYMENT_TARGET = 11.5;
				MARKETING_VERSION = 1.0;
				PRODUCT_BUNDLE_IDENTIFIER = com.TCode.EssentialFeedAPIEndToEndTests;
				PRODUCT_NAME = "$(TARGET_NAME)";
				SWIFT_EMIT_LOC_STRINGS = NO;
				SWIFT_VERSION = 5.0;
			};
			name = Debug;
		};
		AA3E15BA27C8EEC3008DABD0 /* Release */ = {
			isa = XCBuildConfiguration;
			buildSettings = {
				CODE_SIGN_STYLE = Automatic;
				CURRENT_PROJECT_VERSION = 1;
				DEVELOPMENT_TEAM = 25258ALHUD;
				GENERATE_INFOPLIST_FILE = YES;
				MACOSX_DEPLOYMENT_TARGET = 11.5;
				MARKETING_VERSION = 1.0;
				PRODUCT_BUNDLE_IDENTIFIER = com.TCode.EssentialFeedAPIEndToEndTests;
				PRODUCT_NAME = "$(TARGET_NAME)";
				SWIFT_EMIT_LOC_STRINGS = NO;
				SWIFT_VERSION = 5.0;
			};
			name = Release;
		};
		AAAF383427BA60080036F0C6 /* Debug */ = {
			isa = XCBuildConfiguration;
			buildSettings = {
				ALWAYS_SEARCH_USER_PATHS = NO;
				CLANG_ANALYZER_NONNULL = YES;
				CLANG_ANALYZER_NUMBER_OBJECT_CONVERSION = YES_AGGRESSIVE;
				CLANG_CXX_LANGUAGE_STANDARD = "gnu++17";
				CLANG_CXX_LIBRARY = "libc++";
				CLANG_ENABLE_MODULES = YES;
				CLANG_ENABLE_OBJC_ARC = YES;
				CLANG_ENABLE_OBJC_WEAK = YES;
				CLANG_WARN_BLOCK_CAPTURE_AUTORELEASING = YES;
				CLANG_WARN_BOOL_CONVERSION = YES;
				CLANG_WARN_COMMA = YES;
				CLANG_WARN_CONSTANT_CONVERSION = YES;
				CLANG_WARN_DEPRECATED_OBJC_IMPLEMENTATIONS = YES;
				CLANG_WARN_DIRECT_OBJC_ISA_USAGE = YES_ERROR;
				CLANG_WARN_DOCUMENTATION_COMMENTS = YES;
				CLANG_WARN_EMPTY_BODY = YES;
				CLANG_WARN_ENUM_CONVERSION = YES;
				CLANG_WARN_INFINITE_RECURSION = YES;
				CLANG_WARN_INT_CONVERSION = YES;
				CLANG_WARN_NON_LITERAL_NULL_CONVERSION = YES;
				CLANG_WARN_OBJC_IMPLICIT_RETAIN_SELF = YES;
				CLANG_WARN_OBJC_LITERAL_CONVERSION = YES;
				CLANG_WARN_OBJC_ROOT_CLASS = YES_ERROR;
				CLANG_WARN_QUOTED_INCLUDE_IN_FRAMEWORK_HEADER = YES;
				CLANG_WARN_RANGE_LOOP_ANALYSIS = YES;
				CLANG_WARN_STRICT_PROTOTYPES = YES;
				CLANG_WARN_SUSPICIOUS_MOVE = YES;
				CLANG_WARN_UNGUARDED_AVAILABILITY = YES_AGGRESSIVE;
				CLANG_WARN_UNREACHABLE_CODE = YES;
				CLANG_WARN__DUPLICATE_METHOD_MATCH = YES;
				COPY_PHASE_STRIP = NO;
				CURRENT_PROJECT_VERSION = 1;
				DEBUG_INFORMATION_FORMAT = dwarf;
				ENABLE_STRICT_OBJC_MSGSEND = YES;
				ENABLE_TESTABILITY = YES;
				GCC_C_LANGUAGE_STANDARD = gnu11;
				GCC_DYNAMIC_NO_PIC = NO;
				GCC_NO_COMMON_BLOCKS = YES;
				GCC_OPTIMIZATION_LEVEL = 0;
				GCC_PREPROCESSOR_DEFINITIONS = (
					"DEBUG=1",
					"$(inherited)",
				);
				GCC_WARN_64_TO_32_BIT_CONVERSION = YES;
				GCC_WARN_ABOUT_RETURN_TYPE = YES_ERROR;
				GCC_WARN_UNDECLARED_SELECTOR = YES;
				GCC_WARN_UNINITIALIZED_AUTOS = YES_AGGRESSIVE;
				GCC_WARN_UNUSED_FUNCTION = YES;
				GCC_WARN_UNUSED_VARIABLE = YES;
				MACOSX_DEPLOYMENT_TARGET = 12.1;
				MTL_ENABLE_DEBUG_INFO = INCLUDE_SOURCE;
				MTL_FAST_MATH = YES;
				ONLY_ACTIVE_ARCH = YES;
				SDKROOT = macosx;
				SWIFT_ACTIVE_COMPILATION_CONDITIONS = DEBUG;
				SWIFT_OPTIMIZATION_LEVEL = "-Onone";
				VERSIONING_SYSTEM = "apple-generic";
				VERSION_INFO_PREFIX = "";
			};
			name = Debug;
		};
		AAAF383527BA60080036F0C6 /* Release */ = {
			isa = XCBuildConfiguration;
			buildSettings = {
				ALWAYS_SEARCH_USER_PATHS = NO;
				CLANG_ANALYZER_NONNULL = YES;
				CLANG_ANALYZER_NUMBER_OBJECT_CONVERSION = YES_AGGRESSIVE;
				CLANG_CXX_LANGUAGE_STANDARD = "gnu++17";
				CLANG_CXX_LIBRARY = "libc++";
				CLANG_ENABLE_MODULES = YES;
				CLANG_ENABLE_OBJC_ARC = YES;
				CLANG_ENABLE_OBJC_WEAK = YES;
				CLANG_WARN_BLOCK_CAPTURE_AUTORELEASING = YES;
				CLANG_WARN_BOOL_CONVERSION = YES;
				CLANG_WARN_COMMA = YES;
				CLANG_WARN_CONSTANT_CONVERSION = YES;
				CLANG_WARN_DEPRECATED_OBJC_IMPLEMENTATIONS = YES;
				CLANG_WARN_DIRECT_OBJC_ISA_USAGE = YES_ERROR;
				CLANG_WARN_DOCUMENTATION_COMMENTS = YES;
				CLANG_WARN_EMPTY_BODY = YES;
				CLANG_WARN_ENUM_CONVERSION = YES;
				CLANG_WARN_INFINITE_RECURSION = YES;
				CLANG_WARN_INT_CONVERSION = YES;
				CLANG_WARN_NON_LITERAL_NULL_CONVERSION = YES;
				CLANG_WARN_OBJC_IMPLICIT_RETAIN_SELF = YES;
				CLANG_WARN_OBJC_LITERAL_CONVERSION = YES;
				CLANG_WARN_OBJC_ROOT_CLASS = YES_ERROR;
				CLANG_WARN_QUOTED_INCLUDE_IN_FRAMEWORK_HEADER = YES;
				CLANG_WARN_RANGE_LOOP_ANALYSIS = YES;
				CLANG_WARN_STRICT_PROTOTYPES = YES;
				CLANG_WARN_SUSPICIOUS_MOVE = YES;
				CLANG_WARN_UNGUARDED_AVAILABILITY = YES_AGGRESSIVE;
				CLANG_WARN_UNREACHABLE_CODE = YES;
				CLANG_WARN__DUPLICATE_METHOD_MATCH = YES;
				COPY_PHASE_STRIP = NO;
				CURRENT_PROJECT_VERSION = 1;
				DEBUG_INFORMATION_FORMAT = "dwarf-with-dsym";
				ENABLE_NS_ASSERTIONS = NO;
				ENABLE_STRICT_OBJC_MSGSEND = YES;
				GCC_C_LANGUAGE_STANDARD = gnu11;
				GCC_NO_COMMON_BLOCKS = YES;
				GCC_WARN_64_TO_32_BIT_CONVERSION = YES;
				GCC_WARN_ABOUT_RETURN_TYPE = YES_ERROR;
				GCC_WARN_UNDECLARED_SELECTOR = YES;
				GCC_WARN_UNINITIALIZED_AUTOS = YES_AGGRESSIVE;
				GCC_WARN_UNUSED_FUNCTION = YES;
				GCC_WARN_UNUSED_VARIABLE = YES;
				MACOSX_DEPLOYMENT_TARGET = 12.1;
				MTL_ENABLE_DEBUG_INFO = NO;
				MTL_FAST_MATH = YES;
				SDKROOT = macosx;
				SWIFT_COMPILATION_MODE = wholemodule;
				SWIFT_OPTIMIZATION_LEVEL = "-O";
				VERSIONING_SYSTEM = "apple-generic";
				VERSION_INFO_PREFIX = "";
			};
			name = Release;
		};
		AAAF383727BA60080036F0C6 /* Debug */ = {
			isa = XCBuildConfiguration;
			buildSettings = {
				CLANG_ENABLE_MODULES = YES;
				CODE_SIGN_STYLE = Automatic;
				COMBINE_HIDPI_IMAGES = YES;
				CURRENT_PROJECT_VERSION = 1;
				DEFINES_MODULE = YES;
				DEVELOPMENT_TEAM = 25258ALHUD;
				DYLIB_COMPATIBILITY_VERSION = 1;
				DYLIB_CURRENT_VERSION = 1;
				DYLIB_INSTALL_NAME_BASE = "@rpath";
				GENERATE_INFOPLIST_FILE = YES;
				INFOPLIST_KEY_NSHumanReadableCopyright = "";
				INSTALL_PATH = "$(LOCAL_LIBRARY_DIR)/Frameworks";
				LD_RUNPATH_SEARCH_PATHS = (
					"$(inherited)",
					"@executable_path/../Frameworks",
					"@loader_path/Frameworks",
				);
				MACOSX_DEPLOYMENT_TARGET = 11.5;
				MARKETING_VERSION = 1.0;
				PRODUCT_BUNDLE_IDENTIFIER = com.TCode.EssentialFeed;
				PRODUCT_NAME = "$(TARGET_NAME:c99extidentifier)";
				SKIP_INSTALL = YES;
				SWIFT_EMIT_LOC_STRINGS = YES;
				SWIFT_OPTIMIZATION_LEVEL = "-Onone";
				SWIFT_VERSION = 5.0;
			};
			name = Debug;
		};
		AAAF383827BA60080036F0C6 /* Release */ = {
			isa = XCBuildConfiguration;
			buildSettings = {
				CLANG_ENABLE_MODULES = YES;
				CODE_SIGN_STYLE = Automatic;
				COMBINE_HIDPI_IMAGES = YES;
				CURRENT_PROJECT_VERSION = 1;
				DEFINES_MODULE = YES;
				DEVELOPMENT_TEAM = 25258ALHUD;
				DYLIB_COMPATIBILITY_VERSION = 1;
				DYLIB_CURRENT_VERSION = 1;
				DYLIB_INSTALL_NAME_BASE = "@rpath";
				GENERATE_INFOPLIST_FILE = YES;
				INFOPLIST_KEY_NSHumanReadableCopyright = "";
				INSTALL_PATH = "$(LOCAL_LIBRARY_DIR)/Frameworks";
				LD_RUNPATH_SEARCH_PATHS = (
					"$(inherited)",
					"@executable_path/../Frameworks",
					"@loader_path/Frameworks",
				);
				MACOSX_DEPLOYMENT_TARGET = 11.5;
				MARKETING_VERSION = 1.0;
				PRODUCT_BUNDLE_IDENTIFIER = com.TCode.EssentialFeed;
				PRODUCT_NAME = "$(TARGET_NAME:c99extidentifier)";
				SKIP_INSTALL = YES;
				SWIFT_EMIT_LOC_STRINGS = YES;
				SWIFT_VERSION = 5.0;
			};
			name = Release;
		};
		AAAF383A27BA60080036F0C6 /* Debug */ = {
			isa = XCBuildConfiguration;
			buildSettings = {
				ALWAYS_EMBED_SWIFT_STANDARD_LIBRARIES = YES;
				CODE_SIGN_STYLE = Automatic;
				CURRENT_PROJECT_VERSION = 1;
				DEVELOPMENT_TEAM = 25258ALHUD;
				GENERATE_INFOPLIST_FILE = YES;
				MACOSX_DEPLOYMENT_TARGET = 11.5;
				MARKETING_VERSION = 1.0;
				PRODUCT_BUNDLE_IDENTIFIER = com.TCode.EssentialFeedTests;
				PRODUCT_NAME = "$(TARGET_NAME)";
				SWIFT_EMIT_LOC_STRINGS = NO;
				SWIFT_VERSION = 5.0;
			};
			name = Debug;
		};
		AAAF383B27BA60080036F0C6 /* Release */ = {
			isa = XCBuildConfiguration;
			buildSettings = {
				ALWAYS_EMBED_SWIFT_STANDARD_LIBRARIES = YES;
				CODE_SIGN_STYLE = Automatic;
				CURRENT_PROJECT_VERSION = 1;
				DEVELOPMENT_TEAM = 25258ALHUD;
				GENERATE_INFOPLIST_FILE = YES;
				MACOSX_DEPLOYMENT_TARGET = 11.5;
				MARKETING_VERSION = 1.0;
				PRODUCT_BUNDLE_IDENTIFIER = com.TCode.EssentialFeedTests;
				PRODUCT_NAME = "$(TARGET_NAME)";
				SWIFT_EMIT_LOC_STRINGS = NO;
				SWIFT_VERSION = 5.0;
			};
			name = Release;
		};
/* End XCBuildConfiguration section */

/* Begin XCConfigurationList section */
		AA3E15BB27C8EEC3008DABD0 /* Build configuration list for PBXNativeTarget "EssentialFeedAPIEndToEndTests" */ = {
			isa = XCConfigurationList;
			buildConfigurations = (
				AA3E15B927C8EEC3008DABD0 /* Debug */,
				AA3E15BA27C8EEC3008DABD0 /* Release */,
			);
			defaultConfigurationIsVisible = 0;
			defaultConfigurationName = Release;
		};
		AAAF381E27BA60080036F0C6 /* Build configuration list for PBXProject "EssentialFeed" */ = {
			isa = XCConfigurationList;
			buildConfigurations = (
				AAAF383427BA60080036F0C6 /* Debug */,
				AAAF383527BA60080036F0C6 /* Release */,
			);
			defaultConfigurationIsVisible = 0;
			defaultConfigurationName = Release;
		};
		AAAF383627BA60080036F0C6 /* Build configuration list for PBXNativeTarget "EssentialFeed" */ = {
			isa = XCConfigurationList;
			buildConfigurations = (
				AAAF383727BA60080036F0C6 /* Debug */,
				AAAF383827BA60080036F0C6 /* Release */,
			);
			defaultConfigurationIsVisible = 0;
			defaultConfigurationName = Release;
		};
		AAAF383927BA60080036F0C6 /* Build configuration list for PBXNativeTarget "EssentialFeedTests" */ = {
			isa = XCConfigurationList;
			buildConfigurations = (
				AAAF383A27BA60080036F0C6 /* Debug */,
				AAAF383B27BA60080036F0C6 /* Release */,
			);
			defaultConfigurationIsVisible = 0;
			defaultConfigurationName = Release;
		};
/* End XCConfigurationList section */
	};
	rootObject = AAAF381B27BA60080036F0C6 /* Project object */;
}
