// !$*UTF8*$!
{
	archiveVersion = 1;
	classes = {
	};
	objectVersion = 55;
	objects = {

/* Begin PBXBuildFile section */
		AA25162927D6999E00B151F1 /* LocalFeedImage.swift in Sources */ = {isa = PBXBuildFile; fileRef = AA25162827D6999E00B151F1 /* LocalFeedImage.swift */; };
		AA3E15B527C8EEC3008DABD0 /* EssentialFeedAPIEndToEndTests.swift in Sources */ = {isa = PBXBuildFile; fileRef = AA3E15B427C8EEC3008DABD0 /* EssentialFeedAPIEndToEndTests.swift */; };
		AA3E15B627C8EEC3008DABD0 /* EssentialFeed.framework in Frameworks */ = {isa = PBXBuildFile; fileRef = AAAF382427BA60080036F0C6 /* EssentialFeed.framework */; };
		AA3E15BC27C8F7BF008DABD0 /* XCTestCase+MemoryLeakTracking.swift in Sources */ = {isa = PBXBuildFile; fileRef = AA6B6C1827C6BD3D0064DFB8 /* XCTestCase+MemoryLeakTracking.swift */; };
		AA52B9BB27E781AD00D2ED4A /* FeedStoreSpecs.swift in Sources */ = {isa = PBXBuildFile; fileRef = AA52B9BA27E781AD00D2ED4A /* FeedStoreSpecs.swift */; };
		AA52B9BD27E7820A00D2ED4A /* XCTestCase+FeedStoreSpecs.swift in Sources */ = {isa = PBXBuildFile; fileRef = AA52B9BC27E7820A00D2ED4A /* XCTestCase+FeedStoreSpecs.swift */; };
		AA52B9BF27E7866C00D2ED4A /* XCTestCase+FailableRetrieveFeedStoreSpecs.swift in Sources */ = {isa = PBXBuildFile; fileRef = AA52B9BE27E7866C00D2ED4A /* XCTestCase+FailableRetrieveFeedStoreSpecs.swift */; };
		AA52B9C127E7871200D2ED4A /* XCTestCase+FailableInsertFeedStoreSpecs.swift in Sources */ = {isa = PBXBuildFile; fileRef = AA52B9C027E7871200D2ED4A /* XCTestCase+FailableInsertFeedStoreSpecs.swift */; };
		AA52B9C327E7877300D2ED4A /* XCTestCase+FailableDeleteFeedStoreSpecs.swift in Sources */ = {isa = PBXBuildFile; fileRef = AA52B9C227E7877300D2ED4A /* XCTestCase+FailableDeleteFeedStoreSpecs.swift */; };
		AA53AE6327DCBF52004F130F /* LoadFeedFromCacheUseCaseTests.swift in Sources */ = {isa = PBXBuildFile; fileRef = AA53AE6227DCBF52004F130F /* LoadFeedFromCacheUseCaseTests.swift */; };
		AA54E877282065FD0009F797 /* UIView+Shimmering.swift in Sources */ = {isa = PBXBuildFile; fileRef = AA54E876282065FD0009F797 /* UIView+Shimmering.swift */; };
		AA54E87F28210FCB0009F797 /* FeedRefreshViewController.swift in Sources */ = {isa = PBXBuildFile; fileRef = AA54E87E28210FCB0009F797 /* FeedRefreshViewController.swift */; };
		AA54E881282112D50009F797 /* FeedImageCellController.swift in Sources */ = {isa = PBXBuildFile; fileRef = AA54E880282112D50009F797 /* FeedImageCellController.swift */; };
		AA61155E27DFC68D007172F6 /* FeedCachePolicy.swift in Sources */ = {isa = PBXBuildFile; fileRef = AA61155D27DFC68D007172F6 /* FeedCachePolicy.swift */; };
		AA67B1C127C2A6B100D19DF4 /* HTTPClient.swift in Sources */ = {isa = PBXBuildFile; fileRef = AA67B1C027C2A6B100D19DF4 /* HTTPClient.swift */; };
		AA67B1C327C2A6FB00D19DF4 /* FeedItemsMapper.swift in Sources */ = {isa = PBXBuildFile; fileRef = AA67B1C227C2A6FB00D19DF4 /* FeedItemsMapper.swift */; };
		AA67B1C627C2C0A700D19DF4 /* URLSessionHTTPClientTests.swift in Sources */ = {isa = PBXBuildFile; fileRef = AA67B1C527C2C0A700D19DF4 /* URLSessionHTTPClientTests.swift */; };
		AA6B6C1927C6BD3D0064DFB8 /* XCTestCase+MemoryLeakTracking.swift in Sources */ = {isa = PBXBuildFile; fileRef = AA6B6C1827C6BD3D0064DFB8 /* XCTestCase+MemoryLeakTracking.swift */; };
		AA6B6C1B27C6C9FE0064DFB8 /* URLSessionHTTPClient.swift in Sources */ = {isa = PBXBuildFile; fileRef = AA6B6C1A27C6C9FE0064DFB8 /* URLSessionHTTPClient.swift */; };
		AA6BE9892819C55A00C1C2A0 /* EssentialFeed.framework in Frameworks */ = {isa = PBXBuildFile; fileRef = AAAF382427BA60080036F0C6 /* EssentialFeed.framework */; platformFilter = ios; };
		AA6BE98A2819C55A00C1C2A0 /* EssentialFeed.framework in Embed Frameworks */ = {isa = PBXBuildFile; fileRef = AAAF382427BA60080036F0C6 /* EssentialFeed.framework */; platformFilter = ios; settings = {ATTRIBUTES = (CodeSignOnCopy, RemoveHeadersOnCopy, ); }; };
		AA6BE9902819CCD500C1C2A0 /* FeedViewController.swift in Sources */ = {isa = PBXBuildFile; fileRef = AA6BE98F2819CCD500C1C2A0 /* FeedViewController.swift */; };
		AA6BE9922819D22A00C1C2A0 /* FeedImageCell.swift in Sources */ = {isa = PBXBuildFile; fileRef = AA6BE9912819D22A00C1C2A0 /* FeedImageCell.swift */; };
		AA7AA5DD284BAD9F0094F04B /* EssentialFeediOS.framework in Frameworks */ = {isa = PBXBuildFile; fileRef = AAC882BB27F23A82002D4250 /* EssentialFeediOS.framework */; };
		AA7AA5E4284BADF80094F04B /* FeedSnapshotTests.swift in Sources */ = {isa = PBXBuildFile; fileRef = AA7AA5E3284BADF80094F04B /* FeedSnapshotTests.swift */; };
		AA7AA5E7284C9A250094F04B /* UIImage+TestHelpers.swift in Sources */ = {isa = PBXBuildFile; fileRef = AA7AA5E6284C9A250094F04B /* UIImage+TestHelpers.swift */; };
		AA7AA5E9284C9FFB0094F04B /* UITableView+HeaderSizing.swift in Sources */ = {isa = PBXBuildFile; fileRef = AA7AA5E8284C9FFB0094F04B /* UITableView+HeaderSizing.swift */; };
		AA7AA5EB284CA1C50094F04B /* UIView+AutoLayout.swift in Sources */ = {isa = PBXBuildFile; fileRef = AA7AA5EA284CA1C50094F04B /* UIView+AutoLayout.swift */; };
		AA7AA5ED284CA9190094F04B /* UIViewController+Snapshot.swift in Sources */ = {isa = PBXBuildFile; fileRef = AA7AA5EC284CA9190094F04B /* UIViewController+Snapshot.swift */; };
		AA7AA5EF284CA95B0094F04B /* XCTestCase+Snapshot.swift in Sources */ = {isa = PBXBuildFile; fileRef = AA7AA5EE284CA95B0094F04B /* XCTestCase+Snapshot.swift */; };
		AA80B01E27D3A4E400795AC7 /* LocalFeedLoader.swift in Sources */ = {isa = PBXBuildFile; fileRef = AA80B01D27D3A4E400795AC7 /* LocalFeedLoader.swift */; };
		AA80B02027D3A53900795AC7 /* FeedStore.swift in Sources */ = {isa = PBXBuildFile; fileRef = AA80B01F27D3A53900795AC7 /* FeedStore.swift */; };
		AA9049CC2852756200E8F944 /* ImageCommentsMapper.swift in Sources */ = {isa = PBXBuildFile; fileRef = AA9049CB2852756200E8F944 /* ImageCommentsMapper.swift */; };
		AA9049D0285276A600E8F944 /* ImageCommentsMapperTests.swift in Sources */ = {isa = PBXBuildFile; fileRef = AA9049CF285276A600E8F944 /* ImageCommentsMapperTests.swift */; };
		AA9049D22852780F00E8F944 /* ImageComment.swift in Sources */ = {isa = PBXBuildFile; fileRef = AA9049D12852780F00E8F944 /* ImageComment.swift */; };
		AA9049E72853830F00E8F944 /* FeedImageDataMapper.swift in Sources */ = {isa = PBXBuildFile; fileRef = AA9049E62853830F00E8F944 /* FeedImageDataMapper.swift */; };
		AA94A6A12856247B007BD404 /* LoadResourcePresenterTests.swift in Sources */ = {isa = PBXBuildFile; fileRef = AA94A6A02856247B007BD404 /* LoadResourcePresenterTests.swift */; };
		AA94A6A42856254E007BD404 /* LoadResourcePresenter.swift in Sources */ = {isa = PBXBuildFile; fileRef = AA94A6A32856254E007BD404 /* LoadResourcePresenter.swift */; };
		AA96AAE72838E1C1003559B5 /* ErrorView.swift in Sources */ = {isa = PBXBuildFile; fileRef = AA96AAE62838E1C1003559B5 /* ErrorView.swift */; };
		AA96AAEA2838E4D6003559B5 /* UIRefreshCOntrol+Helpers.swift in Sources */ = {isa = PBXBuildFile; fileRef = AA96AAE92838E4D6003559B5 /* UIRefreshCOntrol+Helpers.swift */; };
		AA96AAED2838E741003559B5 /* FeedPresenterTests.swift in Sources */ = {isa = PBXBuildFile; fileRef = AA96AAEC2838E741003559B5 /* FeedPresenterTests.swift */; };
		AA96AAF62838F179003559B5 /* FeedPresenter.swift in Sources */ = {isa = PBXBuildFile; fileRef = AA96AAF52838F179003559B5 /* FeedPresenter.swift */; };
		AA96AAF72838F21B003559B5 /* Feed.strings in Resources */ = {isa = PBXBuildFile; fileRef = AA96AAF22838EFF2003559B5 /* Feed.strings */; };
		AA96AAF92838F25C003559B5 /* FeedViewModel.swift in Sources */ = {isa = PBXBuildFile; fileRef = AA96AAF82838F25C003559B5 /* FeedViewModel.swift */; };
		AA96AAFB2838F26B003559B5 /* FeedLoadingViewModel.swift in Sources */ = {isa = PBXBuildFile; fileRef = AA96AAFA2838F26B003559B5 /* FeedLoadingViewModel.swift */; };
		AA96AAFD2838F277003559B5 /* FeedErrorViewModel.swift in Sources */ = {isa = PBXBuildFile; fileRef = AA96AAFC2838F277003559B5 /* FeedErrorViewModel.swift */; };
		AA96AAFE2838F3BF003559B5 /* FeedLocalizationTests.swift in Sources */ = {isa = PBXBuildFile; fileRef = AACB416C282DA3E9005F8A17 /* FeedLocalizationTests.swift */; };
		AA96AB00283C1D2D003559B5 /* FeedImagePresenterTests.swift in Sources */ = {isa = PBXBuildFile; fileRef = AA96AAFF283C1D2D003559B5 /* FeedImagePresenterTests.swift */; };
		AA96AB02283C2063003559B5 /* FeedImagePresenter.swift in Sources */ = {isa = PBXBuildFile; fileRef = AA96AB01283C2063003559B5 /* FeedImagePresenter.swift */; };
		AA96AB04283C20C0003559B5 /* FeedImageViewModel.swift in Sources */ = {isa = PBXBuildFile; fileRef = AA96AB03283C20C0003559B5 /* FeedImageViewModel.swift */; };
		AA96AB05283D57BE003559B5 /* FeedImageDataLoader.swift in Sources */ = {isa = PBXBuildFile; fileRef = AA54E87828210DB00009F797 /* FeedImageDataLoader.swift */; };
		AA96AB07283D5815003559B5 /* FeedImageDataMapperTests.swift in Sources */ = {isa = PBXBuildFile; fileRef = AA96AB06283D5815003559B5 /* FeedImageDataMapperTests.swift */; };
		AA96AB0E283D6479003559B5 /* HTTPURLResponse+StatusCode.swift in Sources */ = {isa = PBXBuildFile; fileRef = AA96AB0D283D6479003559B5 /* HTTPURLResponse+StatusCode.swift */; };
		AA96AB11283D653A003559B5 /* URLProtocolStub.swift in Sources */ = {isa = PBXBuildFile; fileRef = AA96AB10283D653A003559B5 /* URLProtocolStub.swift */; };
		AA96AB13283D69A0003559B5 /* LoadFeedImageDataFromCacheUseCaseTests.swift in Sources */ = {isa = PBXBuildFile; fileRef = AA96AB12283D69A0003559B5 /* LoadFeedImageDataFromCacheUseCaseTests.swift */; };
		AA96AB15283D6C6D003559B5 /* FeedImageDataStore.swift in Sources */ = {isa = PBXBuildFile; fileRef = AA96AB14283D6C6D003559B5 /* FeedImageDataStore.swift */; };
		AA96AB17283D6C8F003559B5 /* LocalFeedImageDataLoader.swift in Sources */ = {isa = PBXBuildFile; fileRef = AA96AB16283D6C8F003559B5 /* LocalFeedImageDataLoader.swift */; };
		AA96AB19283D6ECF003559B5 /* FeedImageDataStoreSpy.swift in Sources */ = {isa = PBXBuildFile; fileRef = AA96AB18283D6ECF003559B5 /* FeedImageDataStoreSpy.swift */; };
		AA96AB1B283D6F35003559B5 /* CacheFeedImageDataUseCaseTests.swift in Sources */ = {isa = PBXBuildFile; fileRef = AA96AB1A283D6F35003559B5 /* CacheFeedImageDataUseCaseTests.swift */; };
		AA96AB1D283D7107003559B5 /* CoreDataFeedImageDataStoreTests.swift in Sources */ = {isa = PBXBuildFile; fileRef = AA96AB1C283D7107003559B5 /* CoreDataFeedImageDataStoreTests.swift */; };
		AA96AB20283D78E1003559B5 /* CoreDataFeedStore+FeedImageDataLoader.swift in Sources */ = {isa = PBXBuildFile; fileRef = AA96AB1F283D78E1003559B5 /* CoreDataFeedStore+FeedImageDataLoader.swift */; };
		AA96AB22283D7AEB003559B5 /* CoreDataFeedStore+FeedStore.swift in Sources */ = {isa = PBXBuildFile; fileRef = AA96AB21283D7AEB003559B5 /* CoreDataFeedStore+FeedStore.swift */; };
		AA96AB68283EA70F003559B5 /* Images.xcassets in Resources */ = {isa = PBXBuildFile; fileRef = AA96AB67283EA70F003559B5 /* Images.xcassets */; };
		AAAF382D27BA60080036F0C6 /* EssentialFeed.framework in Frameworks */ = {isa = PBXBuildFile; fileRef = AAAF382427BA60080036F0C6 /* EssentialFeed.framework */; };
		AAAF383227BA60080036F0C6 /* FeedItemsMapperTests.swift in Sources */ = {isa = PBXBuildFile; fileRef = AAAF383127BA60080036F0C6 /* FeedItemsMapperTests.swift */; };
		AAAF383327BA60080036F0C6 /* EssentialFeed.h in Headers */ = {isa = PBXBuildFile; fileRef = AAAF382727BA60080036F0C6 /* EssentialFeed.h */; settings = {ATTRIBUTES = (Public, ); }; };
		AAAF383D27BA60910036F0C6 /* FeedImage.swift in Sources */ = {isa = PBXBuildFile; fileRef = AAAF383C27BA60910036F0C6 /* FeedImage.swift */; };
		AACB414F282D9615005F8A17 /* UITableView+Dequeueing.swift in Sources */ = {isa = PBXBuildFile; fileRef = AACB414E282D9615005F8A17 /* UITableView+Dequeueing.swift */; };
		AACB4151282D974D005F8A17 /* UIImageView+Animations.swift in Sources */ = {isa = PBXBuildFile; fileRef = AACB4150282D974D005F8A17 /* UIImageView+Animations.swift */; };
		AAD1702827DCC07C00EB8206 /* FeedStoreSpy.swift in Sources */ = {isa = PBXBuildFile; fileRef = AAD1702727DCC07C00EB8206 /* FeedStoreSpy.swift */; };
		AAD1702A27DD00C300EB8206 /* ValidateFeedCacheUseCaseTests.swift in Sources */ = {isa = PBXBuildFile; fileRef = AAD1702927DD00C300EB8206 /* ValidateFeedCacheUseCaseTests.swift */; };
		AAD1702C27DD03EF00EB8206 /* FeedCacheTestHelpers.swift in Sources */ = {isa = PBXBuildFile; fileRef = AAD1702B27DD03EF00EB8206 /* FeedCacheTestHelpers.swift */; };
		AAD1702E27DD049100EB8206 /* SharedTestHelpers.swift in Sources */ = {isa = PBXBuildFile; fileRef = AAD1702D27DD049100EB8206 /* SharedTestHelpers.swift */; };
		AAD3BC6427ED115600896BDB /* FeedStore.xcdatamodeld in Sources */ = {isa = PBXBuildFile; fileRef = AAD3BC6227ED115600896BDB /* FeedStore.xcdatamodeld */; };
		AAD3BC6627ED116F00896BDB /* CoreDataFeedStore.swift in Sources */ = {isa = PBXBuildFile; fileRef = AAD3BC6527ED116F00896BDB /* CoreDataFeedStore.swift */; };
		AAD3BC6A27ED117C00896BDB /* ManagedFeedImage.swift in Sources */ = {isa = PBXBuildFile; fileRef = AAD3BC6827ED117C00896BDB /* ManagedFeedImage.swift */; };
		AAD3BC6B27ED117C00896BDB /* ManagedCache.swift in Sources */ = {isa = PBXBuildFile; fileRef = AAD3BC6927ED117C00896BDB /* ManagedCache.swift */; };
		AAD3BC6D27ED118A00896BDB /* CoreDataHelpers.swift in Sources */ = {isa = PBXBuildFile; fileRef = AAD3BC6C27ED118A00896BDB /* CoreDataHelpers.swift */; };
		AAD3BC6F27ED128B00896BDB /* CoreDataFeedStoreTests.swift in Sources */ = {isa = PBXBuildFile; fileRef = AAD3BC6E27ED128B00896BDB /* CoreDataFeedStoreTests.swift */; };
		AAD3BC7427ED130500896BDB /* NSManagedObjectContext+Stub.swift in Sources */ = {isa = PBXBuildFile; fileRef = AAD3BC7027ED130500896BDB /* NSManagedObjectContext+Stub.swift */; };
		AAD3BC7627ED130500896BDB /* NSEntityDescription+Assertions.swift in Sources */ = {isa = PBXBuildFile; fileRef = AAD3BC7227ED130500896BDB /* NSEntityDescription+Assertions.swift */; };
		AAD3BC7727ED130500896BDB /* NSManagedObjectContext+Helpers.swift in Sources */ = {isa = PBXBuildFile; fileRef = AAD3BC7327ED130500896BDB /* NSManagedObjectContext+Helpers.swift */; };
		AAD3BC7F27ED18FF00896BDB /* EssentialFeedCacheIntegrationTests.swift in Sources */ = {isa = PBXBuildFile; fileRef = AAD3BC7E27ED18FF00896BDB /* EssentialFeedCacheIntegrationTests.swift */; };
		AAD3BC8027ED18FF00896BDB /* EssentialFeed.framework in Frameworks */ = {isa = PBXBuildFile; fileRef = AAAF382427BA60080036F0C6 /* EssentialFeed.framework */; };
		AAD3BC8627ED1ABD00896BDB /* XCTestCase+MemoryLeakTracking.swift in Sources */ = {isa = PBXBuildFile; fileRef = AA6B6C1827C6BD3D0064DFB8 /* XCTestCase+MemoryLeakTracking.swift */; };
		AAD3BC8727ED1AC100896BDB /* SharedTestHelpers.swift in Sources */ = {isa = PBXBuildFile; fileRef = AAD1702D27DD049100EB8206 /* SharedTestHelpers.swift */; };
		AAD3BC8927ED1B0800896BDB /* XCTestCase+FeedStoreHelpers.swift in Sources */ = {isa = PBXBuildFile; fileRef = AAD3BC8827ED1B0800896BDB /* XCTestCase+FeedStoreHelpers.swift */; };
		AAD3BC8A27ED1B4700896BDB /* XCTestCase+FeedStoreHelpers.swift in Sources */ = {isa = PBXBuildFile; fileRef = AAD3BC8827ED1B0800896BDB /* XCTestCase+FeedStoreHelpers.swift */; };
		AAD3BC8B27ED1C5800896BDB /* FeedCacheTestHelpers.swift in Sources */ = {isa = PBXBuildFile; fileRef = AAD1702B27DD03EF00EB8206 /* FeedCacheTestHelpers.swift */; };
		AAD3BC8E27ED237500896BDB /* CoreDataFeedStoreIntegrationTests.swift in Sources */ = {isa = PBXBuildFile; fileRef = AAD3BC8D27ED237500896BDB /* CoreDataFeedStoreIntegrationTests.swift */; };
		AAE296F228427AA800885482 /* FeedCache.swift in Sources */ = {isa = PBXBuildFile; fileRef = AAE296F128427AA800885482 /* FeedCache.swift */; };
		AAE296FC28427FD900885482 /* FeedImageDataCache.swift in Sources */ = {isa = PBXBuildFile; fileRef = AAE296FB28427FD900885482 /* FeedImageDataCache.swift */; };
		AAF3178E27D1367C00C5A942 /* CacheFeedUseCaseTests.swift in Sources */ = {isa = PBXBuildFile; fileRef = AAF3178D27D1367C00C5A942 /* CacheFeedUseCaseTests.swift */; };
/* End PBXBuildFile section */

/* Begin PBXContainerItemProxy section */
		AA3E15B727C8EEC3008DABD0 /* PBXContainerItemProxy */ = {
			isa = PBXContainerItemProxy;
			containerPortal = AAAF381B27BA60080036F0C6 /* Project object */;
			proxyType = 1;
			remoteGlobalIDString = AAAF382327BA60080036F0C6;
			remoteInfo = EssentialFeed;
		};
		AA6BE98B2819C55A00C1C2A0 /* PBXContainerItemProxy */ = {
			isa = PBXContainerItemProxy;
			containerPortal = AAAF381B27BA60080036F0C6 /* Project object */;
			proxyType = 1;
			remoteGlobalIDString = AAAF382327BA60080036F0C6;
			remoteInfo = EssentialFeed;
		};
		AA7AA5DE284BAD9F0094F04B /* PBXContainerItemProxy */ = {
			isa = PBXContainerItemProxy;
			containerPortal = AAAF381B27BA60080036F0C6 /* Project object */;
			proxyType = 1;
			remoteGlobalIDString = AAC882BA27F23A82002D4250;
			remoteInfo = EssentialFeediOS;
		};
		AAAF382E27BA60080036F0C6 /* PBXContainerItemProxy */ = {
			isa = PBXContainerItemProxy;
			containerPortal = AAAF381B27BA60080036F0C6 /* Project object */;
			proxyType = 1;
			remoteGlobalIDString = AAAF382327BA60080036F0C6;
			remoteInfo = EssentialFeed;
		};
		AAD3BC8127ED18FF00896BDB /* PBXContainerItemProxy */ = {
			isa = PBXContainerItemProxy;
			containerPortal = AAAF381B27BA60080036F0C6 /* Project object */;
			proxyType = 1;
			remoteGlobalIDString = AAAF382327BA60080036F0C6;
			remoteInfo = EssentialFeed;
		};
/* End PBXContainerItemProxy section */

/* Begin PBXCopyFilesBuildPhase section */
		AA6BE98D2819C55A00C1C2A0 /* Embed Frameworks */ = {
			isa = PBXCopyFilesBuildPhase;
			buildActionMask = 2147483647;
			dstPath = "";
			dstSubfolderSpec = 10;
			files = (
				AA6BE98A2819C55A00C1C2A0 /* EssentialFeed.framework in Embed Frameworks */,
			);
			name = "Embed Frameworks";
			runOnlyForDeploymentPostprocessing = 0;
		};
/* End PBXCopyFilesBuildPhase section */

/* Begin PBXFileReference section */
		AA25162827D6999E00B151F1 /* LocalFeedImage.swift */ = {isa = PBXFileReference; lastKnownFileType = sourcecode.swift; path = LocalFeedImage.swift; sourceTree = "<group>"; };
		AA3E15B227C8EEC3008DABD0 /* EssentialFeedAPIEndToEndTests.xctest */ = {isa = PBXFileReference; explicitFileType = wrapper.cfbundle; includeInIndex = 0; path = EssentialFeedAPIEndToEndTests.xctest; sourceTree = BUILT_PRODUCTS_DIR; };
		AA3E15B427C8EEC3008DABD0 /* EssentialFeedAPIEndToEndTests.swift */ = {isa = PBXFileReference; lastKnownFileType = sourcecode.swift; path = EssentialFeedAPIEndToEndTests.swift; sourceTree = "<group>"; };
		AA52B9BA27E781AD00D2ED4A /* FeedStoreSpecs.swift */ = {isa = PBXFileReference; lastKnownFileType = sourcecode.swift; path = FeedStoreSpecs.swift; sourceTree = "<group>"; };
		AA52B9BC27E7820A00D2ED4A /* XCTestCase+FeedStoreSpecs.swift */ = {isa = PBXFileReference; lastKnownFileType = sourcecode.swift; path = "XCTestCase+FeedStoreSpecs.swift"; sourceTree = "<group>"; };
		AA52B9BE27E7866C00D2ED4A /* XCTestCase+FailableRetrieveFeedStoreSpecs.swift */ = {isa = PBXFileReference; lastKnownFileType = sourcecode.swift; path = "XCTestCase+FailableRetrieveFeedStoreSpecs.swift"; sourceTree = "<group>"; };
		AA52B9C027E7871200D2ED4A /* XCTestCase+FailableInsertFeedStoreSpecs.swift */ = {isa = PBXFileReference; lastKnownFileType = sourcecode.swift; path = "XCTestCase+FailableInsertFeedStoreSpecs.swift"; sourceTree = "<group>"; };
		AA52B9C227E7877300D2ED4A /* XCTestCase+FailableDeleteFeedStoreSpecs.swift */ = {isa = PBXFileReference; lastKnownFileType = sourcecode.swift; path = "XCTestCase+FailableDeleteFeedStoreSpecs.swift"; sourceTree = "<group>"; };
		AA53AE6227DCBF52004F130F /* LoadFeedFromCacheUseCaseTests.swift */ = {isa = PBXFileReference; lastKnownFileType = sourcecode.swift; path = LoadFeedFromCacheUseCaseTests.swift; sourceTree = "<group>"; };
		AA54E876282065FD0009F797 /* UIView+Shimmering.swift */ = {isa = PBXFileReference; lastKnownFileType = sourcecode.swift; path = "UIView+Shimmering.swift"; sourceTree = "<group>"; };
		AA54E87828210DB00009F797 /* FeedImageDataLoader.swift */ = {isa = PBXFileReference; lastKnownFileType = sourcecode.swift; path = FeedImageDataLoader.swift; sourceTree = "<group>"; };
		AA54E87E28210FCB0009F797 /* FeedRefreshViewController.swift */ = {isa = PBXFileReference; lastKnownFileType = sourcecode.swift; path = FeedRefreshViewController.swift; sourceTree = "<group>"; };
		AA54E880282112D50009F797 /* FeedImageCellController.swift */ = {isa = PBXFileReference; lastKnownFileType = sourcecode.swift; path = FeedImageCellController.swift; sourceTree = "<group>"; };
		AA61155D27DFC68D007172F6 /* FeedCachePolicy.swift */ = {isa = PBXFileReference; lastKnownFileType = sourcecode.swift; path = FeedCachePolicy.swift; sourceTree = "<group>"; };
		AA67B1C027C2A6B100D19DF4 /* HTTPClient.swift */ = {isa = PBXFileReference; lastKnownFileType = sourcecode.swift; path = HTTPClient.swift; sourceTree = "<group>"; };
		AA67B1C227C2A6FB00D19DF4 /* FeedItemsMapper.swift */ = {isa = PBXFileReference; lastKnownFileType = sourcecode.swift; path = FeedItemsMapper.swift; sourceTree = "<group>"; };
		AA67B1C527C2C0A700D19DF4 /* URLSessionHTTPClientTests.swift */ = {isa = PBXFileReference; lastKnownFileType = sourcecode.swift; path = URLSessionHTTPClientTests.swift; sourceTree = "<group>"; };
		AA6B6C1827C6BD3D0064DFB8 /* XCTestCase+MemoryLeakTracking.swift */ = {isa = PBXFileReference; lastKnownFileType = sourcecode.swift; path = "XCTestCase+MemoryLeakTracking.swift"; sourceTree = "<group>"; };
		AA6B6C1A27C6C9FE0064DFB8 /* URLSessionHTTPClient.swift */ = {isa = PBXFileReference; lastKnownFileType = sourcecode.swift; path = URLSessionHTTPClient.swift; sourceTree = "<group>"; };
		AA6BE98F2819CCD500C1C2A0 /* FeedViewController.swift */ = {isa = PBXFileReference; lastKnownFileType = sourcecode.swift; path = FeedViewController.swift; sourceTree = "<group>"; };
		AA6BE9912819D22A00C1C2A0 /* FeedImageCell.swift */ = {isa = PBXFileReference; lastKnownFileType = sourcecode.swift; path = FeedImageCell.swift; sourceTree = "<group>"; };
		AA7AA5D9284BAD9F0094F04B /* EssentialFeediOSTests.xctest */ = {isa = PBXFileReference; explicitFileType = wrapper.cfbundle; includeInIndex = 0; path = EssentialFeediOSTests.xctest; sourceTree = BUILT_PRODUCTS_DIR; };
		AA7AA5E3284BADF80094F04B /* FeedSnapshotTests.swift */ = {isa = PBXFileReference; lastKnownFileType = sourcecode.swift; path = FeedSnapshotTests.swift; sourceTree = "<group>"; };
		AA7AA5E6284C9A250094F04B /* UIImage+TestHelpers.swift */ = {isa = PBXFileReference; lastKnownFileType = sourcecode.swift; path = "UIImage+TestHelpers.swift"; sourceTree = "<group>"; };
		AA7AA5E8284C9FFB0094F04B /* UITableView+HeaderSizing.swift */ = {isa = PBXFileReference; lastKnownFileType = sourcecode.swift; path = "UITableView+HeaderSizing.swift"; sourceTree = "<group>"; };
		AA7AA5EA284CA1C50094F04B /* UIView+AutoLayout.swift */ = {isa = PBXFileReference; lastKnownFileType = sourcecode.swift; path = "UIView+AutoLayout.swift"; sourceTree = "<group>"; };
		AA7AA5EC284CA9190094F04B /* UIViewController+Snapshot.swift */ = {isa = PBXFileReference; lastKnownFileType = sourcecode.swift; path = "UIViewController+Snapshot.swift"; sourceTree = "<group>"; };
		AA7AA5EE284CA95B0094F04B /* XCTestCase+Snapshot.swift */ = {isa = PBXFileReference; lastKnownFileType = sourcecode.swift; path = "XCTestCase+Snapshot.swift"; sourceTree = "<group>"; };
		AA80B01D27D3A4E400795AC7 /* LocalFeedLoader.swift */ = {isa = PBXFileReference; lastKnownFileType = sourcecode.swift; path = LocalFeedLoader.swift; sourceTree = "<group>"; };
		AA80B01F27D3A53900795AC7 /* FeedStore.swift */ = {isa = PBXFileReference; lastKnownFileType = sourcecode.swift; path = FeedStore.swift; sourceTree = "<group>"; };
		AA9049CB2852756200E8F944 /* ImageCommentsMapper.swift */ = {isa = PBXFileReference; lastKnownFileType = sourcecode.swift; path = ImageCommentsMapper.swift; sourceTree = "<group>"; };
		AA9049CF285276A600E8F944 /* ImageCommentsMapperTests.swift */ = {isa = PBXFileReference; lastKnownFileType = sourcecode.swift; path = ImageCommentsMapperTests.swift; sourceTree = "<group>"; };
		AA9049D12852780F00E8F944 /* ImageComment.swift */ = {isa = PBXFileReference; lastKnownFileType = sourcecode.swift; path = ImageComment.swift; sourceTree = "<group>"; };
		AA9049E62853830F00E8F944 /* FeedImageDataMapper.swift */ = {isa = PBXFileReference; lastKnownFileType = sourcecode.swift; path = FeedImageDataMapper.swift; sourceTree = "<group>"; };
		AA94A6A02856247B007BD404 /* LoadResourcePresenterTests.swift */ = {isa = PBXFileReference; lastKnownFileType = sourcecode.swift; path = LoadResourcePresenterTests.swift; sourceTree = "<group>"; };
		AA94A6A32856254E007BD404 /* LoadResourcePresenter.swift */ = {isa = PBXFileReference; lastKnownFileType = sourcecode.swift; path = LoadResourcePresenter.swift; sourceTree = "<group>"; };
		AA96AAE62838E1C1003559B5 /* ErrorView.swift */ = {isa = PBXFileReference; lastKnownFileType = sourcecode.swift; path = ErrorView.swift; sourceTree = "<group>"; };
		AA96AAE92838E4D6003559B5 /* UIRefreshCOntrol+Helpers.swift */ = {isa = PBXFileReference; lastKnownFileType = sourcecode.swift; path = "UIRefreshCOntrol+Helpers.swift"; sourceTree = "<group>"; };
		AA96AAEC2838E741003559B5 /* FeedPresenterTests.swift */ = {isa = PBXFileReference; lastKnownFileType = sourcecode.swift; path = FeedPresenterTests.swift; sourceTree = "<group>"; };
		AA96AAF12838EFF2003559B5 /* en */ = {isa = PBXFileReference; lastKnownFileType = text.plist.strings; name = en; path = en.lproj/Feed.strings; sourceTree = "<group>"; };
		AA96AAF32838EFF6003559B5 /* ro */ = {isa = PBXFileReference; lastKnownFileType = text.plist.strings; name = ro; path = ro.lproj/Feed.strings; sourceTree = "<group>"; };
		AA96AAF52838F179003559B5 /* FeedPresenter.swift */ = {isa = PBXFileReference; lastKnownFileType = sourcecode.swift; path = FeedPresenter.swift; sourceTree = "<group>"; };
		AA96AAF82838F25C003559B5 /* FeedViewModel.swift */ = {isa = PBXFileReference; lastKnownFileType = sourcecode.swift; path = FeedViewModel.swift; sourceTree = "<group>"; };
		AA96AAFA2838F26B003559B5 /* FeedLoadingViewModel.swift */ = {isa = PBXFileReference; lastKnownFileType = sourcecode.swift; path = FeedLoadingViewModel.swift; sourceTree = "<group>"; };
		AA96AAFC2838F277003559B5 /* FeedErrorViewModel.swift */ = {isa = PBXFileReference; lastKnownFileType = sourcecode.swift; path = FeedErrorViewModel.swift; sourceTree = "<group>"; };
		AA96AAFF283C1D2D003559B5 /* FeedImagePresenterTests.swift */ = {isa = PBXFileReference; lastKnownFileType = sourcecode.swift; path = FeedImagePresenterTests.swift; sourceTree = "<group>"; };
		AA96AB01283C2063003559B5 /* FeedImagePresenter.swift */ = {isa = PBXFileReference; lastKnownFileType = sourcecode.swift; path = FeedImagePresenter.swift; sourceTree = "<group>"; };
		AA96AB03283C20C0003559B5 /* FeedImageViewModel.swift */ = {isa = PBXFileReference; lastKnownFileType = sourcecode.swift; path = FeedImageViewModel.swift; sourceTree = "<group>"; };
		AA96AB06283D5815003559B5 /* FeedImageDataMapperTests.swift */ = {isa = PBXFileReference; lastKnownFileType = sourcecode.swift; path = FeedImageDataMapperTests.swift; sourceTree = "<group>"; };
		AA96AB0D283D6479003559B5 /* HTTPURLResponse+StatusCode.swift */ = {isa = PBXFileReference; lastKnownFileType = sourcecode.swift; path = "HTTPURLResponse+StatusCode.swift"; sourceTree = "<group>"; };
		AA96AB10283D653A003559B5 /* URLProtocolStub.swift */ = {isa = PBXFileReference; lastKnownFileType = sourcecode.swift; path = URLProtocolStub.swift; sourceTree = "<group>"; };
		AA96AB12283D69A0003559B5 /* LoadFeedImageDataFromCacheUseCaseTests.swift */ = {isa = PBXFileReference; lastKnownFileType = sourcecode.swift; path = LoadFeedImageDataFromCacheUseCaseTests.swift; sourceTree = "<group>"; };
		AA96AB14283D6C6D003559B5 /* FeedImageDataStore.swift */ = {isa = PBXFileReference; lastKnownFileType = sourcecode.swift; path = FeedImageDataStore.swift; sourceTree = "<group>"; };
		AA96AB16283D6C8F003559B5 /* LocalFeedImageDataLoader.swift */ = {isa = PBXFileReference; lastKnownFileType = sourcecode.swift; path = LocalFeedImageDataLoader.swift; sourceTree = "<group>"; };
		AA96AB18283D6ECF003559B5 /* FeedImageDataStoreSpy.swift */ = {isa = PBXFileReference; lastKnownFileType = sourcecode.swift; path = FeedImageDataStoreSpy.swift; sourceTree = "<group>"; };
		AA96AB1A283D6F35003559B5 /* CacheFeedImageDataUseCaseTests.swift */ = {isa = PBXFileReference; lastKnownFileType = sourcecode.swift; path = CacheFeedImageDataUseCaseTests.swift; sourceTree = "<group>"; };
		AA96AB1C283D7107003559B5 /* CoreDataFeedImageDataStoreTests.swift */ = {isa = PBXFileReference; lastKnownFileType = sourcecode.swift; path = CoreDataFeedImageDataStoreTests.swift; sourceTree = "<group>"; };
		AA96AB1E283D72D2003559B5 /* FeedStore2.xcdatamodel */ = {isa = PBXFileReference; lastKnownFileType = wrapper.xcdatamodel; path = FeedStore2.xcdatamodel; sourceTree = "<group>"; };
		AA96AB1F283D78E1003559B5 /* CoreDataFeedStore+FeedImageDataLoader.swift */ = {isa = PBXFileReference; lastKnownFileType = sourcecode.swift; path = "CoreDataFeedStore+FeedImageDataLoader.swift"; sourceTree = "<group>"; };
		AA96AB21283D7AEB003559B5 /* CoreDataFeedStore+FeedStore.swift */ = {isa = PBXFileReference; lastKnownFileType = sourcecode.swift; path = "CoreDataFeedStore+FeedStore.swift"; sourceTree = "<group>"; };
		AA96AB67283EA70F003559B5 /* Images.xcassets */ = {isa = PBXFileReference; lastKnownFileType = folder.assetcatalog; path = Images.xcassets; sourceTree = "<group>"; };
		AAAF382427BA60080036F0C6 /* EssentialFeed.framework */ = {isa = PBXFileReference; explicitFileType = wrapper.framework; includeInIndex = 0; path = EssentialFeed.framework; sourceTree = BUILT_PRODUCTS_DIR; };
		AAAF382727BA60080036F0C6 /* EssentialFeed.h */ = {isa = PBXFileReference; lastKnownFileType = sourcecode.c.h; path = EssentialFeed.h; sourceTree = "<group>"; };
		AAAF382C27BA60080036F0C6 /* EssentialFeedTests.xctest */ = {isa = PBXFileReference; explicitFileType = wrapper.cfbundle; includeInIndex = 0; path = EssentialFeedTests.xctest; sourceTree = BUILT_PRODUCTS_DIR; };
		AAAF383127BA60080036F0C6 /* FeedItemsMapperTests.swift */ = {isa = PBXFileReference; lastKnownFileType = sourcecode.swift; path = FeedItemsMapperTests.swift; sourceTree = "<group>"; };
		AAAF383C27BA60910036F0C6 /* FeedImage.swift */ = {isa = PBXFileReference; lastKnownFileType = sourcecode.swift; path = FeedImage.swift; sourceTree = "<group>"; };
		AAC882BB27F23A82002D4250 /* EssentialFeediOS.framework */ = {isa = PBXFileReference; explicitFileType = wrapper.framework; includeInIndex = 0; path = EssentialFeediOS.framework; sourceTree = BUILT_PRODUCTS_DIR; };
		AACB414E282D9615005F8A17 /* UITableView+Dequeueing.swift */ = {isa = PBXFileReference; lastKnownFileType = sourcecode.swift; path = "UITableView+Dequeueing.swift"; sourceTree = "<group>"; };
		AACB4150282D974D005F8A17 /* UIImageView+Animations.swift */ = {isa = PBXFileReference; lastKnownFileType = sourcecode.swift; path = "UIImageView+Animations.swift"; sourceTree = "<group>"; };
		AACB416C282DA3E9005F8A17 /* FeedLocalizationTests.swift */ = {isa = PBXFileReference; lastKnownFileType = sourcecode.swift; path = FeedLocalizationTests.swift; sourceTree = "<group>"; };
		AAD1702727DCC07C00EB8206 /* FeedStoreSpy.swift */ = {isa = PBXFileReference; lastKnownFileType = sourcecode.swift; path = FeedStoreSpy.swift; sourceTree = "<group>"; };
		AAD1702927DD00C300EB8206 /* ValidateFeedCacheUseCaseTests.swift */ = {isa = PBXFileReference; lastKnownFileType = sourcecode.swift; path = ValidateFeedCacheUseCaseTests.swift; sourceTree = "<group>"; };
		AAD1702B27DD03EF00EB8206 /* FeedCacheTestHelpers.swift */ = {isa = PBXFileReference; lastKnownFileType = sourcecode.swift; path = FeedCacheTestHelpers.swift; sourceTree = "<group>"; };
		AAD1702D27DD049100EB8206 /* SharedTestHelpers.swift */ = {isa = PBXFileReference; lastKnownFileType = sourcecode.swift; path = SharedTestHelpers.swift; sourceTree = "<group>"; };
		AAD3BC6327ED115600896BDB /* FeedStore.xcdatamodel */ = {isa = PBXFileReference; lastKnownFileType = wrapper.xcdatamodel; path = FeedStore.xcdatamodel; sourceTree = "<group>"; };
		AAD3BC6527ED116F00896BDB /* CoreDataFeedStore.swift */ = {isa = PBXFileReference; fileEncoding = 4; lastKnownFileType = sourcecode.swift; path = CoreDataFeedStore.swift; sourceTree = "<group>"; };
		AAD3BC6827ED117C00896BDB /* ManagedFeedImage.swift */ = {isa = PBXFileReference; fileEncoding = 4; lastKnownFileType = sourcecode.swift; path = ManagedFeedImage.swift; sourceTree = "<group>"; };
		AAD3BC6927ED117C00896BDB /* ManagedCache.swift */ = {isa = PBXFileReference; fileEncoding = 4; lastKnownFileType = sourcecode.swift; path = ManagedCache.swift; sourceTree = "<group>"; };
		AAD3BC6C27ED118A00896BDB /* CoreDataHelpers.swift */ = {isa = PBXFileReference; fileEncoding = 4; lastKnownFileType = sourcecode.swift; path = CoreDataHelpers.swift; sourceTree = "<group>"; };
		AAD3BC6E27ED128B00896BDB /* CoreDataFeedStoreTests.swift */ = {isa = PBXFileReference; lastKnownFileType = sourcecode.swift; path = CoreDataFeedStoreTests.swift; sourceTree = "<group>"; };
		AAD3BC7027ED130500896BDB /* NSManagedObjectContext+Stub.swift */ = {isa = PBXFileReference; fileEncoding = 4; lastKnownFileType = sourcecode.swift; path = "NSManagedObjectContext+Stub.swift"; sourceTree = "<group>"; };
		AAD3BC7227ED130500896BDB /* NSEntityDescription+Assertions.swift */ = {isa = PBXFileReference; fileEncoding = 4; lastKnownFileType = sourcecode.swift; path = "NSEntityDescription+Assertions.swift"; sourceTree = "<group>"; };
		AAD3BC7327ED130500896BDB /* NSManagedObjectContext+Helpers.swift */ = {isa = PBXFileReference; fileEncoding = 4; lastKnownFileType = sourcecode.swift; path = "NSManagedObjectContext+Helpers.swift"; sourceTree = "<group>"; };
		AAD3BC7C27ED18FF00896BDB /* EssentialFeedCacheIntegrationTests.xctest */ = {isa = PBXFileReference; explicitFileType = wrapper.cfbundle; includeInIndex = 0; path = EssentialFeedCacheIntegrationTests.xctest; sourceTree = BUILT_PRODUCTS_DIR; };
		AAD3BC7E27ED18FF00896BDB /* EssentialFeedCacheIntegrationTests.swift */ = {isa = PBXFileReference; lastKnownFileType = sourcecode.swift; path = EssentialFeedCacheIntegrationTests.swift; sourceTree = "<group>"; };
		AAD3BC8827ED1B0800896BDB /* XCTestCase+FeedStoreHelpers.swift */ = {isa = PBXFileReference; lastKnownFileType = sourcecode.swift; path = "XCTestCase+FeedStoreHelpers.swift"; sourceTree = "<group>"; };
		AAD3BC8D27ED237500896BDB /* CoreDataFeedStoreIntegrationTests.swift */ = {isa = PBXFileReference; lastKnownFileType = sourcecode.swift; path = CoreDataFeedStoreIntegrationTests.swift; sourceTree = "<group>"; };
		AAE296F128427AA800885482 /* FeedCache.swift */ = {isa = PBXFileReference; lastKnownFileType = sourcecode.swift; path = FeedCache.swift; sourceTree = "<group>"; };
		AAE296FB28427FD900885482 /* FeedImageDataCache.swift */ = {isa = PBXFileReference; lastKnownFileType = sourcecode.swift; path = FeedImageDataCache.swift; sourceTree = "<group>"; };
		AAF3178D27D1367C00C5A942 /* CacheFeedUseCaseTests.swift */ = {isa = PBXFileReference; lastKnownFileType = sourcecode.swift; path = CacheFeedUseCaseTests.swift; sourceTree = "<group>"; };
/* End PBXFileReference section */

/* Begin PBXFrameworksBuildPhase section */
		AA3E15AF27C8EEC3008DABD0 /* Frameworks */ = {
			isa = PBXFrameworksBuildPhase;
			buildActionMask = 2147483647;
			files = (
				AA3E15B627C8EEC3008DABD0 /* EssentialFeed.framework in Frameworks */,
			);
			runOnlyForDeploymentPostprocessing = 0;
		};
		AA7AA5D6284BAD9F0094F04B /* Frameworks */ = {
			isa = PBXFrameworksBuildPhase;
			buildActionMask = 2147483647;
			files = (
				AA7AA5DD284BAD9F0094F04B /* EssentialFeediOS.framework in Frameworks */,
			);
			runOnlyForDeploymentPostprocessing = 0;
		};
		AAAF382127BA60080036F0C6 /* Frameworks */ = {
			isa = PBXFrameworksBuildPhase;
			buildActionMask = 2147483647;
			files = (
			);
			runOnlyForDeploymentPostprocessing = 0;
		};
		AAAF382927BA60080036F0C6 /* Frameworks */ = {
			isa = PBXFrameworksBuildPhase;
			buildActionMask = 2147483647;
			files = (
				AAAF382D27BA60080036F0C6 /* EssentialFeed.framework in Frameworks */,
			);
			runOnlyForDeploymentPostprocessing = 0;
		};
		AAC882B827F23A82002D4250 /* Frameworks */ = {
			isa = PBXFrameworksBuildPhase;
			buildActionMask = 2147483647;
			files = (
				AA6BE9892819C55A00C1C2A0 /* EssentialFeed.framework in Frameworks */,
			);
			runOnlyForDeploymentPostprocessing = 0;
		};
		AAD3BC7927ED18FF00896BDB /* Frameworks */ = {
			isa = PBXFrameworksBuildPhase;
			buildActionMask = 2147483647;
			files = (
				AAD3BC8027ED18FF00896BDB /* EssentialFeed.framework in Frameworks */,
			);
			runOnlyForDeploymentPostprocessing = 0;
		};
/* End PBXFrameworksBuildPhase section */

/* Begin PBXGroup section */
		AA3E15B327C8EEC3008DABD0 /* EssentialFeedAPIEndToEndTests */ = {
			isa = PBXGroup;
			children = (
				AA3E15B427C8EEC3008DABD0 /* EssentialFeedAPIEndToEndTests.swift */,
			);
			path = EssentialFeedAPIEndToEndTests;
			sourceTree = "<group>";
		};
		AA52B9C427E787F600D2ED4A /* FeedStoreSpecs */ = {
			isa = PBXGroup;
			children = (
				AA52B9BA27E781AD00D2ED4A /* FeedStoreSpecs.swift */,
				AA52B9BC27E7820A00D2ED4A /* XCTestCase+FeedStoreSpecs.swift */,
				AAD3BC8827ED1B0800896BDB /* XCTestCase+FeedStoreHelpers.swift */,
				AA52B9BE27E7866C00D2ED4A /* XCTestCase+FailableRetrieveFeedStoreSpecs.swift */,
				AA52B9C027E7871200D2ED4A /* XCTestCase+FailableInsertFeedStoreSpecs.swift */,
				AA52B9C227E7877300D2ED4A /* XCTestCase+FailableDeleteFeedStoreSpecs.swift */,
			);
			path = FeedStoreSpecs;
			sourceTree = "<group>";
		};
		AA54E87B28210DD70009F797 /* Feed UI */ = {
			isa = PBXGroup;
			children = (
				AA54E87C28210DEB0009F797 /* Controllers */,
				AA54E87D28210DF40009F797 /* Views */,
				AA96AB67283EA70F003559B5 /* Images.xcassets */,
			);
			path = "Feed UI";
			sourceTree = "<group>";
		};
		AA54E87C28210DEB0009F797 /* Controllers */ = {
			isa = PBXGroup;
			children = (
				AA54E880282112D50009F797 /* FeedImageCellController.swift */,
				AA54E87E28210FCB0009F797 /* FeedRefreshViewController.swift */,
				AA6BE98F2819CCD500C1C2A0 /* FeedViewController.swift */,
			);
			path = Controllers;
			sourceTree = "<group>";
		};
		AA54E87D28210DF40009F797 /* Views */ = {
			isa = PBXGroup;
			children = (
				AA96AAE62838E1C1003559B5 /* ErrorView.swift */,
				AA6BE9912819D22A00C1C2A0 /* FeedImageCell.swift */,
				AA7AA5E8284C9FFB0094F04B /* UITableView+HeaderSizing.swift */,
				AA96AAE82838E46E003559B5 /* Helpers */,
			);
			path = Views;
			sourceTree = "<group>";
		};
		AA67B1C427C2AB5700D19DF4 /* Feed API */ = {
			isa = PBXGroup;
			children = (
				AAAF383127BA60080036F0C6 /* FeedItemsMapperTests.swift */,
				AA96AB06283D5815003559B5 /* FeedImageDataMapperTests.swift */,
			);
			path = "Feed API";
			sourceTree = "<group>";
		};
		AA6B6C1727C6BD1E0064DFB8 /* Helpers */ = {
			isa = PBXGroup;
			children = (
				AAD1702D27DD049100EB8206 /* SharedTestHelpers.swift */,
				AA6B6C1827C6BD3D0064DFB8 /* XCTestCase+MemoryLeakTracking.swift */,
			);
			path = Helpers;
			sourceTree = "<group>";
		};
		AA6BE9882819C55A00C1C2A0 /* Frameworks */ = {
			isa = PBXGroup;
			children = (
			);
			name = Frameworks;
			sourceTree = "<group>";
		};
		AA7AA5DA284BAD9F0094F04B /* EssentialFeediOSTests */ = {
			isa = PBXGroup;
			children = (
				AA7AA5E3284BADF80094F04B /* FeedSnapshotTests.swift */,
				AA7AA5E5284C9A120094F04B /* Helpers */,
			);
			path = EssentialFeediOSTests;
			sourceTree = "<group>";
		};
		AA7AA5E5284C9A120094F04B /* Helpers */ = {
			isa = PBXGroup;
			children = (
				AA7AA5E6284C9A250094F04B /* UIImage+TestHelpers.swift */,
				AA7AA5EC284CA9190094F04B /* UIViewController+Snapshot.swift */,
				AA7AA5EE284CA95B0094F04B /* XCTestCase+Snapshot.swift */,
			);
			path = Helpers;
			sourceTree = "<group>";
		};
		AA80B01C27D3A4D400795AC7 /* Feed Cache */ = {
			isa = PBXGroup;
			children = (
				AA61155D27DFC68D007172F6 /* FeedCachePolicy.swift */,
				AA96AB14283D6C6D003559B5 /* FeedImageDataStore.swift */,
				AA80B01F27D3A53900795AC7 /* FeedStore.swift */,
				AA25162827D6999E00B151F1 /* LocalFeedImage.swift */,
				AA96AB16283D6C8F003559B5 /* LocalFeedImageDataLoader.swift */,
				AA80B01D27D3A4E400795AC7 /* LocalFeedLoader.swift */,
				AAD3BC5F27ED10BE00896BDB /* Infrastructure */,
			);
			path = "Feed Cache";
			sourceTree = "<group>";
		};
		AA9049D32852782E00E8F944 /* Image Comments Feature */ = {
			isa = PBXGroup;
			children = (
				AA9049D12852780F00E8F944 /* ImageComment.swift */,
			);
			path = "Image Comments Feature";
			sourceTree = "<group>";
		};
		AA9049D428527BAD00E8F944 /* Shared API */ = {
			isa = PBXGroup;
			children = (
				AA67B1C027C2A6B100D19DF4 /* HTTPClient.swift */,
			);
			path = "Shared API";
			sourceTree = "<group>";
		};
		AA9049D528527BB600E8F944 /* Shared API Infra */ = {
			isa = PBXGroup;
			children = (
				AA6B6C1A27C6C9FE0064DFB8 /* URLSessionHTTPClient.swift */,
				AA96AB0C283D6462003559B5 /* Helpers */,
			);
			path = "Shared API Infra";
			sourceTree = "<group>";
		};
		AA9049D728527C6D00E8F944 /* Shared API Infra */ = {
			isa = PBXGroup;
			children = (
				AA67B1C527C2C0A700D19DF4 /* URLSessionHTTPClientTests.swift */,
				AA96AB0F283D652E003559B5 /* Helpers */,
			);
			path = "Shared API Infra";
			sourceTree = "<group>";
		};
		AA9049D928527D8B00E8F944 /* Image Comments API */ = {
			isa = PBXGroup;
			children = (
				AA9049CF285276A600E8F944 /* ImageCommentsMapperTests.swift */,
			);
			path = "Image Comments API";
			sourceTree = "<group>";
		};
		AA9049DA28527E1A00E8F944 /* Image Comments API */ = {
			isa = PBXGroup;
			children = (
				AA9049CB2852756200E8F944 /* ImageCommentsMapper.swift */,
			);
			path = "Image Comments API";
			sourceTree = "<group>";
		};
		AA94A69F28562463007BD404 /* Shared Presentation */ = {
			isa = PBXGroup;
			children = (
				AA94A6A02856247B007BD404 /* LoadResourcePresenterTests.swift */,
			);
			path = "Shared Presentation";
			sourceTree = "<group>";
		};
		AA94A6A22856253D007BD404 /* Shared Presentation */ = {
			isa = PBXGroup;
			children = (
				AA94A6A32856254E007BD404 /* LoadResourcePresenter.swift */,
			);
			path = "Shared Presentation";
			sourceTree = "<group>";
		};
		AA96AAE82838E46E003559B5 /* Helpers */ = {
			isa = PBXGroup;
			children = (
				AACB4150282D974D005F8A17 /* UIImageView+Animations.swift */,
				AA96AAE92838E4D6003559B5 /* UIRefreshCOntrol+Helpers.swift */,
				AACB414E282D9615005F8A17 /* UITableView+Dequeueing.swift */,
				AA7AA5EA284CA1C50094F04B /* UIView+AutoLayout.swift */,
				AA54E876282065FD0009F797 /* UIView+Shimmering.swift */,
			);
			path = Helpers;
			sourceTree = "<group>";
		};
		AA96AAEB2838E724003559B5 /* Feed Presentation */ = {
			isa = PBXGroup;
			children = (
				AA96AAFF283C1D2D003559B5 /* FeedImagePresenterTests.swift */,
				AACB416C282DA3E9005F8A17 /* FeedLocalizationTests.swift */,
				AA96AAEC2838E741003559B5 /* FeedPresenterTests.swift */,
			);
			path = "Feed Presentation";
			sourceTree = "<group>";
		};
		AA96AAF42838F162003559B5 /* Feed Presentation */ = {
			isa = PBXGroup;
			children = (
				AA96AAFC2838F277003559B5 /* FeedErrorViewModel.swift */,
				AA96AB01283C2063003559B5 /* FeedImagePresenter.swift */,
				AA96AB03283C20C0003559B5 /* FeedImageViewModel.swift */,
				AA96AAFA2838F26B003559B5 /* FeedLoadingViewModel.swift */,
				AA96AAF52838F179003559B5 /* FeedPresenter.swift */,
				AA96AAF82838F25C003559B5 /* FeedViewModel.swift */,
				AA96AAF22838EFF2003559B5 /* Feed.strings */,
			);
			path = "Feed Presentation";
			sourceTree = "<group>";
		};
		AA96AB0C283D6462003559B5 /* Helpers */ = {
			isa = PBXGroup;
			children = (
				AA96AB0D283D6479003559B5 /* HTTPURLResponse+StatusCode.swift */,
			);
			path = Helpers;
			sourceTree = "<group>";
		};
		AA96AB0F283D652E003559B5 /* Helpers */ = {
			isa = PBXGroup;
			children = (
				AA96AB10283D653A003559B5 /* URLProtocolStub.swift */,
			);
			path = Helpers;
			sourceTree = "<group>";
		};
		AAAF381A27BA60080036F0C6 = {
			isa = PBXGroup;
			children = (
				AAAF382627BA60080036F0C6 /* EssentialFeed */,
				AAAF383027BA60080036F0C6 /* EssentialFeedTests */,
				AA3E15B327C8EEC3008DABD0 /* EssentialFeedAPIEndToEndTests */,
				AAD3BC7D27ED18FF00896BDB /* EssentialFeedCacheIntegrationTests */,
				AAC882BC27F23A82002D4250 /* EssentialFeediOS */,
				AA7AA5DA284BAD9F0094F04B /* EssentialFeediOSTests */,
				AAAF382527BA60080036F0C6 /* Products */,
				AA6BE9882819C55A00C1C2A0 /* Frameworks */,
			);
			sourceTree = "<group>";
		};
		AAAF382527BA60080036F0C6 /* Products */ = {
			isa = PBXGroup;
			children = (
				AAAF382427BA60080036F0C6 /* EssentialFeed.framework */,
				AAAF382C27BA60080036F0C6 /* EssentialFeedTests.xctest */,
				AA3E15B227C8EEC3008DABD0 /* EssentialFeedAPIEndToEndTests.xctest */,
				AAD3BC7C27ED18FF00896BDB /* EssentialFeedCacheIntegrationTests.xctest */,
				AAC882BB27F23A82002D4250 /* EssentialFeediOS.framework */,
				AA7AA5D9284BAD9F0094F04B /* EssentialFeediOSTests.xctest */,
			);
			name = Products;
			sourceTree = "<group>";
		};
		AAAF382627BA60080036F0C6 /* EssentialFeed */ = {
			isa = PBXGroup;
			children = (
				AAAF382727BA60080036F0C6 /* EssentialFeed.h */,
				AAAF384127BA6A340036F0C6 /* Feed API */,
				AA80B01C27D3A4D400795AC7 /* Feed Cache */,
				AAAF384027BA63FF0036F0C6 /* Feed Feature */,
				AA96AAF42838F162003559B5 /* Feed Presentation */,
				AA9049DA28527E1A00E8F944 /* Image Comments API */,
				AA9049D32852782E00E8F944 /* Image Comments Feature */,
				AA9049D428527BAD00E8F944 /* Shared API */,
				AA9049D528527BB600E8F944 /* Shared API Infra */,
				AA94A6A22856253D007BD404 /* Shared Presentation */,
			);
			path = EssentialFeed;
			sourceTree = "<group>";
		};
		AAAF383027BA60080036F0C6 /* EssentialFeedTests */ = {
			isa = PBXGroup;
			children = (
				AA67B1C427C2AB5700D19DF4 /* Feed API */,
				AAF3178C27D1365D00C5A942 /* Feed Cache */,
				AA96AAEB2838E724003559B5 /* Feed Presentation */,
				AA6B6C1727C6BD1E0064DFB8 /* Helpers */,
				AA9049D928527D8B00E8F944 /* Image Comments API */,
				AA9049D728527C6D00E8F944 /* Shared API Infra */,
				AA94A69F28562463007BD404 /* Shared Presentation */,
			);
			path = EssentialFeedTests;
			sourceTree = "<group>";
		};
		AAAF384027BA63FF0036F0C6 /* Feed Feature */ = {
			isa = PBXGroup;
			children = (
				AAE296F128427AA800885482 /* FeedCache.swift */,
				AAAF383C27BA60910036F0C6 /* FeedImage.swift */,
				AAE296FB28427FD900885482 /* FeedImageDataCache.swift */,
				AA54E87828210DB00009F797 /* FeedImageDataLoader.swift */,
			);
			path = "Feed Feature";
			sourceTree = "<group>";
		};
		AAAF384127BA6A340036F0C6 /* Feed API */ = {
			isa = PBXGroup;
			children = (
				AA67B1C227C2A6FB00D19DF4 /* FeedItemsMapper.swift */,
				AA9049E62853830F00E8F944 /* FeedImageDataMapper.swift */,
			);
			path = "Feed API";
			sourceTree = "<group>";
		};
		AAC882BC27F23A82002D4250 /* EssentialFeediOS */ = {
			isa = PBXGroup;
			children = (
				AA54E87B28210DD70009F797 /* Feed UI */,
			);
			path = EssentialFeediOS;
			sourceTree = "<group>";
		};
		AAD1702627DCC06F00EB8206 /* Helpers */ = {
			isa = PBXGroup;
			children = (
				AAD1702B27DD03EF00EB8206 /* FeedCacheTestHelpers.swift */,
				AA96AB18283D6ECF003559B5 /* FeedImageDataStoreSpy.swift */,
				AAD1702727DCC07C00EB8206 /* FeedStoreSpy.swift */,
				AAD3BC7227ED130500896BDB /* NSEntityDescription+Assertions.swift */,
				AAD3BC7327ED130500896BDB /* NSManagedObjectContext+Helpers.swift */,
				AAD3BC7027ED130500896BDB /* NSManagedObjectContext+Stub.swift */,
			);
			path = Helpers;
			sourceTree = "<group>";
		};
		AAD3BC5F27ED10BE00896BDB /* Infrastructure */ = {
			isa = PBXGroup;
			children = (
				AAD3BC6027ED10CC00896BDB /* CoreData */,
			);
			path = Infrastructure;
			sourceTree = "<group>";
		};
		AAD3BC6027ED10CC00896BDB /* CoreData */ = {
			isa = PBXGroup;
			children = (
				AAD3BC6527ED116F00896BDB /* CoreDataFeedStore.swift */,
				AA96AB1F283D78E1003559B5 /* CoreDataFeedStore+FeedImageDataLoader.swift */,
				AA96AB21283D7AEB003559B5 /* CoreDataFeedStore+FeedStore.swift */,
				AAD3BC6C27ED118A00896BDB /* CoreDataHelpers.swift */,
				AAD3BC6727ED117C00896BDB /* CoreDataFeedStoreModels */,
				AAD3BC6227ED115600896BDB /* FeedStore.xcdatamodeld */,
			);
			path = CoreData;
			sourceTree = "<group>";
		};
		AAD3BC6727ED117C00896BDB /* CoreDataFeedStoreModels */ = {
			isa = PBXGroup;
			children = (
				AAD3BC6827ED117C00896BDB /* ManagedFeedImage.swift */,
				AAD3BC6927ED117C00896BDB /* ManagedCache.swift */,
			);
			path = CoreDataFeedStoreModels;
			sourceTree = "<group>";
		};
		AAD3BC7D27ED18FF00896BDB /* EssentialFeedCacheIntegrationTests */ = {
			isa = PBXGroup;
			children = (
				AAD3BC7E27ED18FF00896BDB /* EssentialFeedCacheIntegrationTests.swift */,
			);
			path = EssentialFeedCacheIntegrationTests;
			sourceTree = "<group>";
		};
		AAF3178C27D1365D00C5A942 /* Feed Cache */ = {
			isa = PBXGroup;
			children = (
				AA96AB1A283D6F35003559B5 /* CacheFeedImageDataUseCaseTests.swift */,
				AAF3178D27D1367C00C5A942 /* CacheFeedUseCaseTests.swift */,
				AA96AB1C283D7107003559B5 /* CoreDataFeedImageDataStoreTests.swift */,
				AAD3BC8D27ED237500896BDB /* CoreDataFeedStoreIntegrationTests.swift */,
				AAD3BC6E27ED128B00896BDB /* CoreDataFeedStoreTests.swift */,
				AA53AE6227DCBF52004F130F /* LoadFeedFromCacheUseCaseTests.swift */,
				AA96AB12283D69A0003559B5 /* LoadFeedImageDataFromCacheUseCaseTests.swift */,
				AAD1702927DD00C300EB8206 /* ValidateFeedCacheUseCaseTests.swift */,
				AA52B9C427E787F600D2ED4A /* FeedStoreSpecs */,
				AAD1702627DCC06F00EB8206 /* Helpers */,
			);
			path = "Feed Cache";
			sourceTree = "<group>";
		};
/* End PBXGroup section */

/* Begin PBXHeadersBuildPhase section */
		AAAF381F27BA60080036F0C6 /* Headers */ = {
			isa = PBXHeadersBuildPhase;
			buildActionMask = 2147483647;
			files = (
				AAAF383327BA60080036F0C6 /* EssentialFeed.h in Headers */,
			);
			runOnlyForDeploymentPostprocessing = 0;
		};
		AAC882B627F23A82002D4250 /* Headers */ = {
			isa = PBXHeadersBuildPhase;
			buildActionMask = 2147483647;
			files = (
			);
			runOnlyForDeploymentPostprocessing = 0;
		};
/* End PBXHeadersBuildPhase section */

/* Begin PBXNativeTarget section */
		AA3E15B127C8EEC3008DABD0 /* EssentialFeedAPIEndToEndTests */ = {
			isa = PBXNativeTarget;
			buildConfigurationList = AA3E15BB27C8EEC3008DABD0 /* Build configuration list for PBXNativeTarget "EssentialFeedAPIEndToEndTests" */;
			buildPhases = (
				AA3E15AE27C8EEC3008DABD0 /* Sources */,
				AA3E15AF27C8EEC3008DABD0 /* Frameworks */,
				AA3E15B027C8EEC3008DABD0 /* Resources */,
			);
			buildRules = (
			);
			dependencies = (
				AA3E15B827C8EEC3008DABD0 /* PBXTargetDependency */,
			);
			name = EssentialFeedAPIEndToEndTests;
			productName = EssentialFeedAPIEndToEndTests;
			productReference = AA3E15B227C8EEC3008DABD0 /* EssentialFeedAPIEndToEndTests.xctest */;
			productType = "com.apple.product-type.bundle.unit-test";
		};
		AA7AA5D8284BAD9F0094F04B /* EssentialFeediOSTests */ = {
			isa = PBXNativeTarget;
			buildConfigurationList = AA7AA5E0284BAD9F0094F04B /* Build configuration list for PBXNativeTarget "EssentialFeediOSTests" */;
			buildPhases = (
				AA7AA5D5284BAD9F0094F04B /* Sources */,
				AA7AA5D6284BAD9F0094F04B /* Frameworks */,
				AA7AA5D7284BAD9F0094F04B /* Resources */,
			);
			buildRules = (
			);
			dependencies = (
				AA7AA5DF284BAD9F0094F04B /* PBXTargetDependency */,
			);
			name = EssentialFeediOSTests;
			productName = EssentialFeediOSTests;
			productReference = AA7AA5D9284BAD9F0094F04B /* EssentialFeediOSTests.xctest */;
			productType = "com.apple.product-type.bundle.unit-test";
		};
		AAAF382327BA60080036F0C6 /* EssentialFeed */ = {
			isa = PBXNativeTarget;
			buildConfigurationList = AAAF383627BA60080036F0C6 /* Build configuration list for PBXNativeTarget "EssentialFeed" */;
			buildPhases = (
				AAAF381F27BA60080036F0C6 /* Headers */,
				AAAF382027BA60080036F0C6 /* Sources */,
				AAAF382127BA60080036F0C6 /* Frameworks */,
				AAAF382227BA60080036F0C6 /* Resources */,
			);
			buildRules = (
			);
			dependencies = (
			);
			name = EssentialFeed;
			productName = EssentialFeed;
			productReference = AAAF382427BA60080036F0C6 /* EssentialFeed.framework */;
			productType = "com.apple.product-type.framework";
		};
		AAAF382B27BA60080036F0C6 /* EssentialFeedTests */ = {
			isa = PBXNativeTarget;
			buildConfigurationList = AAAF383927BA60080036F0C6 /* Build configuration list for PBXNativeTarget "EssentialFeedTests" */;
			buildPhases = (
				AAAF382827BA60080036F0C6 /* Sources */,
				AAAF382927BA60080036F0C6 /* Frameworks */,
				AAAF382A27BA60080036F0C6 /* Resources */,
			);
			buildRules = (
			);
			dependencies = (
				AAAF382F27BA60080036F0C6 /* PBXTargetDependency */,
			);
			name = EssentialFeedTests;
			productName = EssentialFeedTests;
			productReference = AAAF382C27BA60080036F0C6 /* EssentialFeedTests.xctest */;
			productType = "com.apple.product-type.bundle.unit-test";
		};
		AAC882BA27F23A82002D4250 /* EssentialFeediOS */ = {
			isa = PBXNativeTarget;
			buildConfigurationList = AAC882CA27F23A82002D4250 /* Build configuration list for PBXNativeTarget "EssentialFeediOS" */;
			buildPhases = (
				AAC882B627F23A82002D4250 /* Headers */,
				AAC882B727F23A82002D4250 /* Sources */,
				AAC882B827F23A82002D4250 /* Frameworks */,
				AAC882B927F23A82002D4250 /* Resources */,
				AA6BE98D2819C55A00C1C2A0 /* Embed Frameworks */,
			);
			buildRules = (
			);
			dependencies = (
				AA6BE98C2819C55A00C1C2A0 /* PBXTargetDependency */,
			);
			name = EssentialFeediOS;
			productName = EssentialFeediOS;
			productReference = AAC882BB27F23A82002D4250 /* EssentialFeediOS.framework */;
			productType = "com.apple.product-type.framework";
		};
		AAD3BC7B27ED18FF00896BDB /* EssentialFeedCacheIntegrationTests */ = {
			isa = PBXNativeTarget;
			buildConfigurationList = AAD3BC8327ED18FF00896BDB /* Build configuration list for PBXNativeTarget "EssentialFeedCacheIntegrationTests" */;
			buildPhases = (
				AAD3BC7827ED18FF00896BDB /* Sources */,
				AAD3BC7927ED18FF00896BDB /* Frameworks */,
				AAD3BC7A27ED18FF00896BDB /* Resources */,
			);
			buildRules = (
			);
			dependencies = (
				AAD3BC8227ED18FF00896BDB /* PBXTargetDependency */,
			);
			name = EssentialFeedCacheIntegrationTests;
			productName = EssentialFeedCacheIntegrationTests;
			productReference = AAD3BC7C27ED18FF00896BDB /* EssentialFeedCacheIntegrationTests.xctest */;
			productType = "com.apple.product-type.bundle.unit-test";
		};
/* End PBXNativeTarget section */

/* Begin PBXProject section */
		AAAF381B27BA60080036F0C6 /* Project object */ = {
			isa = PBXProject;
			attributes = {
				BuildIndependentTargetsInParallel = 1;
				LastSwiftUpdateCheck = 1340;
				LastUpgradeCheck = 1320;
				TargetAttributes = {
					AA3E15B127C8EEC3008DABD0 = {
						CreatedOnToolsVersion = 13.2.1;
					};
					AA7AA5D8284BAD9F0094F04B = {
						CreatedOnToolsVersion = 13.4;
					};
					AAAF382327BA60080036F0C6 = {
						CreatedOnToolsVersion = 13.2.1;
						LastSwiftMigration = 1320;
					};
					AAAF382B27BA60080036F0C6 = {
						CreatedOnToolsVersion = 13.2.1;
					};
					AAC882BA27F23A82002D4250 = {
						CreatedOnToolsVersion = 13.3;
						LastSwiftMigration = 1330;
					};
					AAD3BC7B27ED18FF00896BDB = {
						CreatedOnToolsVersion = 13.3;
					};
				};
			};
			buildConfigurationList = AAAF381E27BA60080036F0C6 /* Build configuration list for PBXProject "EssentialFeed" */;
			compatibilityVersion = "Xcode 13.0";
			developmentRegion = en;
			hasScannedForEncodings = 0;
			knownRegions = (
				en,
				Base,
				ro,
			);
			mainGroup = AAAF381A27BA60080036F0C6;
			productRefGroup = AAAF382527BA60080036F0C6 /* Products */;
			projectDirPath = "";
			projectRoot = "";
			targets = (
				AAAF382327BA60080036F0C6 /* EssentialFeed */,
				AAAF382B27BA60080036F0C6 /* EssentialFeedTests */,
				AA3E15B127C8EEC3008DABD0 /* EssentialFeedAPIEndToEndTests */,
				AAD3BC7B27ED18FF00896BDB /* EssentialFeedCacheIntegrationTests */,
				AAC882BA27F23A82002D4250 /* EssentialFeediOS */,
				AA7AA5D8284BAD9F0094F04B /* EssentialFeediOSTests */,
			);
		};
/* End PBXProject section */

/* Begin PBXResourcesBuildPhase section */
		AA3E15B027C8EEC3008DABD0 /* Resources */ = {
			isa = PBXResourcesBuildPhase;
			buildActionMask = 2147483647;
			files = (
			);
			runOnlyForDeploymentPostprocessing = 0;
		};
		AA7AA5D7284BAD9F0094F04B /* Resources */ = {
			isa = PBXResourcesBuildPhase;
			buildActionMask = 2147483647;
			files = (
			);
			runOnlyForDeploymentPostprocessing = 0;
		};
		AAAF382227BA60080036F0C6 /* Resources */ = {
			isa = PBXResourcesBuildPhase;
			buildActionMask = 2147483647;
			files = (
				AA96AAF72838F21B003559B5 /* Feed.strings in Resources */,
			);
			runOnlyForDeploymentPostprocessing = 0;
		};
		AAAF382A27BA60080036F0C6 /* Resources */ = {
			isa = PBXResourcesBuildPhase;
			buildActionMask = 2147483647;
			files = (
			);
			runOnlyForDeploymentPostprocessing = 0;
		};
		AAC882B927F23A82002D4250 /* Resources */ = {
			isa = PBXResourcesBuildPhase;
			buildActionMask = 2147483647;
			files = (
				AA96AB68283EA70F003559B5 /* Images.xcassets in Resources */,
			);
			runOnlyForDeploymentPostprocessing = 0;
		};
		AAD3BC7A27ED18FF00896BDB /* Resources */ = {
			isa = PBXResourcesBuildPhase;
			buildActionMask = 2147483647;
			files = (
			);
			runOnlyForDeploymentPostprocessing = 0;
		};
/* End PBXResourcesBuildPhase section */

/* Begin PBXSourcesBuildPhase section */
		AA3E15AE27C8EEC3008DABD0 /* Sources */ = {
			isa = PBXSourcesBuildPhase;
			buildActionMask = 2147483647;
			files = (
				AA3E15B527C8EEC3008DABD0 /* EssentialFeedAPIEndToEndTests.swift in Sources */,
				AA3E15BC27C8F7BF008DABD0 /* XCTestCase+MemoryLeakTracking.swift in Sources */,
			);
			runOnlyForDeploymentPostprocessing = 0;
		};
		AA7AA5D5284BAD9F0094F04B /* Sources */ = {
			isa = PBXSourcesBuildPhase;
			buildActionMask = 2147483647;
			files = (
				AA7AA5E4284BADF80094F04B /* FeedSnapshotTests.swift in Sources */,
				AA7AA5ED284CA9190094F04B /* UIViewController+Snapshot.swift in Sources */,
				AA7AA5EF284CA95B0094F04B /* XCTestCase+Snapshot.swift in Sources */,
				AA7AA5E7284C9A250094F04B /* UIImage+TestHelpers.swift in Sources */,
			);
			runOnlyForDeploymentPostprocessing = 0;
		};
		AAAF382027BA60080036F0C6 /* Sources */ = {
			isa = PBXSourcesBuildPhase;
			buildActionMask = 2147483647;
			files = (
				AAD3BC6A27ED117C00896BDB /* ManagedFeedImage.swift in Sources */,
				AAD3BC6427ED115600896BDB /* FeedStore.xcdatamodeld in Sources */,
				AA9049CC2852756200E8F944 /* ImageCommentsMapper.swift in Sources */,
				AA67B1C327C2A6FB00D19DF4 /* FeedItemsMapper.swift in Sources */,
				AA9049E72853830F00E8F944 /* FeedImageDataMapper.swift in Sources */,
				AA96AB04283C20C0003559B5 /* FeedImageViewModel.swift in Sources */,
				AA61155E27DFC68D007172F6 /* FeedCachePolicy.swift in Sources */,
				AA9049D22852780F00E8F944 /* ImageComment.swift in Sources */,
				AAD3BC6D27ED118A00896BDB /* CoreDataHelpers.swift in Sources */,
				AA96AB22283D7AEB003559B5 /* CoreDataFeedStore+FeedStore.swift in Sources */,
				AA96AAF92838F25C003559B5 /* FeedViewModel.swift in Sources */,
				AAD3BC6627ED116F00896BDB /* CoreDataFeedStore.swift in Sources */,
				AA25162927D6999E00B151F1 /* LocalFeedImage.swift in Sources */,
				AA80B02027D3A53900795AC7 /* FeedStore.swift in Sources */,
				AA94A6A42856254E007BD404 /* LoadResourcePresenter.swift in Sources */,
				AA80B01E27D3A4E400795AC7 /* LocalFeedLoader.swift in Sources */,
				AA96AB15283D6C6D003559B5 /* FeedImageDataStore.swift in Sources */,
				AAE296FC28427FD900885482 /* FeedImageDataCache.swift in Sources */,
				AA96AAF62838F179003559B5 /* FeedPresenter.swift in Sources */,
				AA67B1C127C2A6B100D19DF4 /* HTTPClient.swift in Sources */,
				AA96AB0E283D6479003559B5 /* HTTPURLResponse+StatusCode.swift in Sources */,
				AAAF383D27BA60910036F0C6 /* FeedImage.swift in Sources */,
				AAD3BC6B27ED117C00896BDB /* ManagedCache.swift in Sources */,
				AA96AAFD2838F277003559B5 /* FeedErrorViewModel.swift in Sources */,
				AA96AB05283D57BE003559B5 /* FeedImageDataLoader.swift in Sources */,
				AA96AAFB2838F26B003559B5 /* FeedLoadingViewModel.swift in Sources */,
				AA96AB17283D6C8F003559B5 /* LocalFeedImageDataLoader.swift in Sources */,
				AA96AB20283D78E1003559B5 /* CoreDataFeedStore+FeedImageDataLoader.swift in Sources */,
				AA96AB02283C2063003559B5 /* FeedImagePresenter.swift in Sources */,
				AAE296F228427AA800885482 /* FeedCache.swift in Sources */,
				AA6B6C1B27C6C9FE0064DFB8 /* URLSessionHTTPClient.swift in Sources */,
			);
			runOnlyForDeploymentPostprocessing = 0;
		};
		AAAF382827BA60080036F0C6 /* Sources */ = {
			isa = PBXSourcesBuildPhase;
			buildActionMask = 2147483647;
			files = (
				AAD1702C27DD03EF00EB8206 /* FeedCacheTestHelpers.swift in Sources */,
				AAD3BC8E27ED237500896BDB /* CoreDataFeedStoreIntegrationTests.swift in Sources */,
				AAD1702A27DD00C300EB8206 /* ValidateFeedCacheUseCaseTests.swift in Sources */,
				AA96AB13283D69A0003559B5 /* LoadFeedImageDataFromCacheUseCaseTests.swift in Sources */,
				AAAF383227BA60080036F0C6 /* FeedItemsMapperTests.swift in Sources */,
				AA94A6A12856247B007BD404 /* LoadResourcePresenterTests.swift in Sources */,
				AA96AAED2838E741003559B5 /* FeedPresenterTests.swift in Sources */,
				AAD3BC7427ED130500896BDB /* NSManagedObjectContext+Stub.swift in Sources */,
				AA52B9C127E7871200D2ED4A /* XCTestCase+FailableInsertFeedStoreSpecs.swift in Sources */,
				AA67B1C627C2C0A700D19DF4 /* URLSessionHTTPClientTests.swift in Sources */,
				AAD3BC8927ED1B0800896BDB /* XCTestCase+FeedStoreHelpers.swift in Sources */,
				AAD3BC7627ED130500896BDB /* NSEntityDescription+Assertions.swift in Sources */,
				AA96AB19283D6ECF003559B5 /* FeedImageDataStoreSpy.swift in Sources */,
				AAD1702827DCC07C00EB8206 /* FeedStoreSpy.swift in Sources */,
				AA96AB00283C1D2D003559B5 /* FeedImagePresenterTests.swift in Sources */,
				AAD1702E27DD049100EB8206 /* SharedTestHelpers.swift in Sources */,
				AA53AE6327DCBF52004F130F /* LoadFeedFromCacheUseCaseTests.swift in Sources */,
				AA96AB11283D653A003559B5 /* URLProtocolStub.swift in Sources */,
				AA9049D0285276A600E8F944 /* ImageCommentsMapperTests.swift in Sources */,
				AA96AB1B283D6F35003559B5 /* CacheFeedImageDataUseCaseTests.swift in Sources */,
				AA52B9C327E7877300D2ED4A /* XCTestCase+FailableDeleteFeedStoreSpecs.swift in Sources */,
				AA96AAFE2838F3BF003559B5 /* FeedLocalizationTests.swift in Sources */,
				AA52B9BF27E7866C00D2ED4A /* XCTestCase+FailableRetrieveFeedStoreSpecs.swift in Sources */,
				AA96AB1D283D7107003559B5 /* CoreDataFeedImageDataStoreTests.swift in Sources */,
				AAF3178E27D1367C00C5A942 /* CacheFeedUseCaseTests.swift in Sources */,
				AAD3BC7727ED130500896BDB /* NSManagedObjectContext+Helpers.swift in Sources */,
				AA52B9BB27E781AD00D2ED4A /* FeedStoreSpecs.swift in Sources */,
				AA6B6C1927C6BD3D0064DFB8 /* XCTestCase+MemoryLeakTracking.swift in Sources */,
				AAD3BC6F27ED128B00896BDB /* CoreDataFeedStoreTests.swift in Sources */,
				AA96AB07283D5815003559B5 /* FeedImageDataMapperTests.swift in Sources */,
				AA52B9BD27E7820A00D2ED4A /* XCTestCase+FeedStoreSpecs.swift in Sources */,
			);
			runOnlyForDeploymentPostprocessing = 0;
		};
		AAC882B727F23A82002D4250 /* Sources */ = {
			isa = PBXSourcesBuildPhase;
			buildActionMask = 2147483647;
			files = (
				AA96AAE72838E1C1003559B5 /* ErrorView.swift in Sources */,
				AA54E87F28210FCB0009F797 /* FeedRefreshViewController.swift in Sources */,
				AACB414F282D9615005F8A17 /* UITableView+Dequeueing.swift in Sources */,
				AA54E877282065FD0009F797 /* UIView+Shimmering.swift in Sources */,
				AA7AA5E9284C9FFB0094F04B /* UITableView+HeaderSizing.swift in Sources */,
				AACB4151282D974D005F8A17 /* UIImageView+Animations.swift in Sources */,
				AA6BE9902819CCD500C1C2A0 /* FeedViewController.swift in Sources */,
				AA96AAEA2838E4D6003559B5 /* UIRefreshCOntrol+Helpers.swift in Sources */,
				AA6BE9922819D22A00C1C2A0 /* FeedImageCell.swift in Sources */,
				AA7AA5EB284CA1C50094F04B /* UIView+AutoLayout.swift in Sources */,
				AA54E881282112D50009F797 /* FeedImageCellController.swift in Sources */,
			);
			runOnlyForDeploymentPostprocessing = 0;
		};
		AAD3BC7827ED18FF00896BDB /* Sources */ = {
			isa = PBXSourcesBuildPhase;
			buildActionMask = 2147483647;
			files = (
				AAD3BC7F27ED18FF00896BDB /* EssentialFeedCacheIntegrationTests.swift in Sources */,
				AAD3BC8627ED1ABD00896BDB /* XCTestCase+MemoryLeakTracking.swift in Sources */,
				AAD3BC8A27ED1B4700896BDB /* XCTestCase+FeedStoreHelpers.swift in Sources */,
				AAD3BC8B27ED1C5800896BDB /* FeedCacheTestHelpers.swift in Sources */,
				AAD3BC8727ED1AC100896BDB /* SharedTestHelpers.swift in Sources */,
			);
			runOnlyForDeploymentPostprocessing = 0;
		};
/* End PBXSourcesBuildPhase section */

/* Begin PBXTargetDependency section */
		AA3E15B827C8EEC3008DABD0 /* PBXTargetDependency */ = {
			isa = PBXTargetDependency;
			target = AAAF382327BA60080036F0C6 /* EssentialFeed */;
			targetProxy = AA3E15B727C8EEC3008DABD0 /* PBXContainerItemProxy */;
		};
		AA6BE98C2819C55A00C1C2A0 /* PBXTargetDependency */ = {
			isa = PBXTargetDependency;
			platformFilter = ios;
			target = AAAF382327BA60080036F0C6 /* EssentialFeed */;
			targetProxy = AA6BE98B2819C55A00C1C2A0 /* PBXContainerItemProxy */;
		};
		AA7AA5DF284BAD9F0094F04B /* PBXTargetDependency */ = {
			isa = PBXTargetDependency;
			target = AAC882BA27F23A82002D4250 /* EssentialFeediOS */;
			targetProxy = AA7AA5DE284BAD9F0094F04B /* PBXContainerItemProxy */;
		};
		AAAF382F27BA60080036F0C6 /* PBXTargetDependency */ = {
			isa = PBXTargetDependency;
			target = AAAF382327BA60080036F0C6 /* EssentialFeed */;
			targetProxy = AAAF382E27BA60080036F0C6 /* PBXContainerItemProxy */;
		};
		AAD3BC8227ED18FF00896BDB /* PBXTargetDependency */ = {
			isa = PBXTargetDependency;
			target = AAAF382327BA60080036F0C6 /* EssentialFeed */;
			targetProxy = AAD3BC8127ED18FF00896BDB /* PBXContainerItemProxy */;
		};
/* End PBXTargetDependency section */

/* Begin PBXVariantGroup section */
		AA96AAF22838EFF2003559B5 /* Feed.strings */ = {
			isa = PBXVariantGroup;
			children = (
				AA96AAF12838EFF2003559B5 /* en */,
				AA96AAF32838EFF6003559B5 /* ro */,
			);
			name = Feed.strings;
			sourceTree = "<group>";
		};
/* End PBXVariantGroup section */

/* Begin XCBuildConfiguration section */
		AA3E15B927C8EEC3008DABD0 /* Debug */ = {
			isa = XCBuildConfiguration;
			buildSettings = {
				CODE_SIGN_STYLE = Automatic;
				CURRENT_PROJECT_VERSION = 1;
				DEVELOPMENT_TEAM = 25258ALHUD;
				GENERATE_INFOPLIST_FILE = YES;
				IPHONEOS_DEPLOYMENT_TARGET = 15.1;
				MACOSX_DEPLOYMENT_TARGET = 11.5;
				MARKETING_VERSION = 1.0;
				PRODUCT_BUNDLE_IDENTIFIER = com.TCode.EssentialFeedAPIEndToEndTests;
				PRODUCT_NAME = "$(TARGET_NAME)";
				SUPPORTED_PLATFORMS = "macosx iphonesimulator iphoneos";
				SWIFT_EMIT_LOC_STRINGS = NO;
				SWIFT_VERSION = 5.0;
			};
			name = Debug;
		};
		AA3E15BA27C8EEC3008DABD0 /* Release */ = {
			isa = XCBuildConfiguration;
			buildSettings = {
				CODE_SIGN_STYLE = Automatic;
				CURRENT_PROJECT_VERSION = 1;
				DEVELOPMENT_TEAM = 25258ALHUD;
				GENERATE_INFOPLIST_FILE = YES;
				IPHONEOS_DEPLOYMENT_TARGET = 15.1;
				MACOSX_DEPLOYMENT_TARGET = 11.5;
				MARKETING_VERSION = 1.0;
				PRODUCT_BUNDLE_IDENTIFIER = com.TCode.EssentialFeedAPIEndToEndTests;
				PRODUCT_NAME = "$(TARGET_NAME)";
				SUPPORTED_PLATFORMS = "macosx iphonesimulator iphoneos";
				SWIFT_EMIT_LOC_STRINGS = NO;
				SWIFT_VERSION = 5.0;
			};
			name = Release;
		};
		AA7AA5E1284BAD9F0094F04B /* Debug */ = {
			isa = XCBuildConfiguration;
			buildSettings = {
				CODE_SIGN_STYLE = Automatic;
				CURRENT_PROJECT_VERSION = 1;
				DEVELOPMENT_TEAM = 25258ALHUD;
				GENERATE_INFOPLIST_FILE = YES;
				IPHONEOS_DEPLOYMENT_TARGET = 15.5;
				MARKETING_VERSION = 1.0;
				PRODUCT_BUNDLE_IDENTIFIER = com.TCode.EssentialFeediOSTests;
				PRODUCT_NAME = "$(TARGET_NAME)";
				SDKROOT = iphoneos;
				SWIFT_EMIT_LOC_STRINGS = NO;
				SWIFT_VERSION = 5.0;
				TARGETED_DEVICE_FAMILY = "1,2";
			};
			name = Debug;
		};
		AA7AA5E2284BAD9F0094F04B /* Release */ = {
			isa = XCBuildConfiguration;
			buildSettings = {
				CODE_SIGN_STYLE = Automatic;
				CURRENT_PROJECT_VERSION = 1;
				DEVELOPMENT_TEAM = 25258ALHUD;
				GENERATE_INFOPLIST_FILE = YES;
				IPHONEOS_DEPLOYMENT_TARGET = 15.5;
				MARKETING_VERSION = 1.0;
				PRODUCT_BUNDLE_IDENTIFIER = com.TCode.EssentialFeediOSTests;
				PRODUCT_NAME = "$(TARGET_NAME)";
				SDKROOT = iphoneos;
				SWIFT_EMIT_LOC_STRINGS = NO;
				SWIFT_VERSION = 5.0;
				TARGETED_DEVICE_FAMILY = "1,2";
				VALIDATE_PRODUCT = YES;
			};
			name = Release;
		};
		AAAF383427BA60080036F0C6 /* Debug */ = {
			isa = XCBuildConfiguration;
			buildSettings = {
				ALWAYS_SEARCH_USER_PATHS = NO;
				CLANG_ANALYZER_LOCALIZABILITY_NONLOCALIZED = YES;
				CLANG_ANALYZER_NONNULL = YES;
				CLANG_ANALYZER_NUMBER_OBJECT_CONVERSION = YES_AGGRESSIVE;
				CLANG_CXX_LANGUAGE_STANDARD = "gnu++17";
				CLANG_CXX_LIBRARY = "libc++";
				CLANG_ENABLE_MODULES = YES;
				CLANG_ENABLE_OBJC_ARC = YES;
				CLANG_ENABLE_OBJC_WEAK = YES;
				CLANG_WARN_BLOCK_CAPTURE_AUTORELEASING = YES;
				CLANG_WARN_BOOL_CONVERSION = YES;
				CLANG_WARN_COMMA = YES;
				CLANG_WARN_CONSTANT_CONVERSION = YES;
				CLANG_WARN_DEPRECATED_OBJC_IMPLEMENTATIONS = YES;
				CLANG_WARN_DIRECT_OBJC_ISA_USAGE = YES_ERROR;
				CLANG_WARN_DOCUMENTATION_COMMENTS = YES;
				CLANG_WARN_EMPTY_BODY = YES;
				CLANG_WARN_ENUM_CONVERSION = YES;
				CLANG_WARN_INFINITE_RECURSION = YES;
				CLANG_WARN_INT_CONVERSION = YES;
				CLANG_WARN_NON_LITERAL_NULL_CONVERSION = YES;
				CLANG_WARN_OBJC_IMPLICIT_RETAIN_SELF = YES;
				CLANG_WARN_OBJC_LITERAL_CONVERSION = YES;
				CLANG_WARN_OBJC_ROOT_CLASS = YES_ERROR;
				CLANG_WARN_QUOTED_INCLUDE_IN_FRAMEWORK_HEADER = YES;
				CLANG_WARN_RANGE_LOOP_ANALYSIS = YES;
				CLANG_WARN_STRICT_PROTOTYPES = YES;
				CLANG_WARN_SUSPICIOUS_MOVE = YES;
				CLANG_WARN_UNGUARDED_AVAILABILITY = YES_AGGRESSIVE;
				CLANG_WARN_UNREACHABLE_CODE = YES;
				CLANG_WARN__DUPLICATE_METHOD_MATCH = YES;
				COPY_PHASE_STRIP = NO;
				CURRENT_PROJECT_VERSION = 1;
				DEBUG_INFORMATION_FORMAT = dwarf;
				ENABLE_STRICT_OBJC_MSGSEND = YES;
				ENABLE_TESTABILITY = YES;
				GCC_C_LANGUAGE_STANDARD = gnu11;
				GCC_DYNAMIC_NO_PIC = NO;
				GCC_NO_COMMON_BLOCKS = YES;
				GCC_OPTIMIZATION_LEVEL = 0;
				GCC_PREPROCESSOR_DEFINITIONS = (
					"DEBUG=1",
					"$(inherited)",
				);
				GCC_WARN_64_TO_32_BIT_CONVERSION = YES;
				GCC_WARN_ABOUT_RETURN_TYPE = YES_ERROR;
				GCC_WARN_UNDECLARED_SELECTOR = YES;
				GCC_WARN_UNINITIALIZED_AUTOS = YES_AGGRESSIVE;
				GCC_WARN_UNUSED_FUNCTION = YES;
				GCC_WARN_UNUSED_VARIABLE = YES;
				MACOSX_DEPLOYMENT_TARGET = 12.1;
				MTL_ENABLE_DEBUG_INFO = INCLUDE_SOURCE;
				MTL_FAST_MATH = YES;
				ONLY_ACTIVE_ARCH = YES;
				SDKROOT = macosx;
				SWIFT_ACTIVE_COMPILATION_CONDITIONS = DEBUG;
				SWIFT_OPTIMIZATION_LEVEL = "-Onone";
				VERSIONING_SYSTEM = "apple-generic";
				VERSION_INFO_PREFIX = "";
			};
			name = Debug;
		};
		AAAF383527BA60080036F0C6 /* Release */ = {
			isa = XCBuildConfiguration;
			buildSettings = {
				ALWAYS_SEARCH_USER_PATHS = NO;
				CLANG_ANALYZER_LOCALIZABILITY_NONLOCALIZED = YES;
				CLANG_ANALYZER_NONNULL = YES;
				CLANG_ANALYZER_NUMBER_OBJECT_CONVERSION = YES_AGGRESSIVE;
				CLANG_CXX_LANGUAGE_STANDARD = "gnu++17";
				CLANG_CXX_LIBRARY = "libc++";
				CLANG_ENABLE_MODULES = YES;
				CLANG_ENABLE_OBJC_ARC = YES;
				CLANG_ENABLE_OBJC_WEAK = YES;
				CLANG_WARN_BLOCK_CAPTURE_AUTORELEASING = YES;
				CLANG_WARN_BOOL_CONVERSION = YES;
				CLANG_WARN_COMMA = YES;
				CLANG_WARN_CONSTANT_CONVERSION = YES;
				CLANG_WARN_DEPRECATED_OBJC_IMPLEMENTATIONS = YES;
				CLANG_WARN_DIRECT_OBJC_ISA_USAGE = YES_ERROR;
				CLANG_WARN_DOCUMENTATION_COMMENTS = YES;
				CLANG_WARN_EMPTY_BODY = YES;
				CLANG_WARN_ENUM_CONVERSION = YES;
				CLANG_WARN_INFINITE_RECURSION = YES;
				CLANG_WARN_INT_CONVERSION = YES;
				CLANG_WARN_NON_LITERAL_NULL_CONVERSION = YES;
				CLANG_WARN_OBJC_IMPLICIT_RETAIN_SELF = YES;
				CLANG_WARN_OBJC_LITERAL_CONVERSION = YES;
				CLANG_WARN_OBJC_ROOT_CLASS = YES_ERROR;
				CLANG_WARN_QUOTED_INCLUDE_IN_FRAMEWORK_HEADER = YES;
				CLANG_WARN_RANGE_LOOP_ANALYSIS = YES;
				CLANG_WARN_STRICT_PROTOTYPES = YES;
				CLANG_WARN_SUSPICIOUS_MOVE = YES;
				CLANG_WARN_UNGUARDED_AVAILABILITY = YES_AGGRESSIVE;
				CLANG_WARN_UNREACHABLE_CODE = YES;
				CLANG_WARN__DUPLICATE_METHOD_MATCH = YES;
				COPY_PHASE_STRIP = NO;
				CURRENT_PROJECT_VERSION = 1;
				DEBUG_INFORMATION_FORMAT = "dwarf-with-dsym";
				ENABLE_NS_ASSERTIONS = NO;
				ENABLE_STRICT_OBJC_MSGSEND = YES;
				GCC_C_LANGUAGE_STANDARD = gnu11;
				GCC_NO_COMMON_BLOCKS = YES;
				GCC_WARN_64_TO_32_BIT_CONVERSION = YES;
				GCC_WARN_ABOUT_RETURN_TYPE = YES_ERROR;
				GCC_WARN_UNDECLARED_SELECTOR = YES;
				GCC_WARN_UNINITIALIZED_AUTOS = YES_AGGRESSIVE;
				GCC_WARN_UNUSED_FUNCTION = YES;
				GCC_WARN_UNUSED_VARIABLE = YES;
				MACOSX_DEPLOYMENT_TARGET = 12.1;
				MTL_ENABLE_DEBUG_INFO = NO;
				MTL_FAST_MATH = YES;
				SDKROOT = macosx;
				SWIFT_COMPILATION_MODE = wholemodule;
				SWIFT_OPTIMIZATION_LEVEL = "-O";
				VERSIONING_SYSTEM = "apple-generic";
				VERSION_INFO_PREFIX = "";
			};
			name = Release;
		};
		AAAF383727BA60080036F0C6 /* Debug */ = {
			isa = XCBuildConfiguration;
			buildSettings = {
				CLANG_ENABLE_MODULES = YES;
				CODE_SIGN_STYLE = Automatic;
				COMBINE_HIDPI_IMAGES = YES;
				CURRENT_PROJECT_VERSION = 1;
				DEFINES_MODULE = YES;
				DEVELOPMENT_TEAM = 25258ALHUD;
				DYLIB_COMPATIBILITY_VERSION = 1;
				DYLIB_CURRENT_VERSION = 1;
				DYLIB_INSTALL_NAME_BASE = "@rpath";
				GENERATE_INFOPLIST_FILE = YES;
				INFOPLIST_KEY_NSHumanReadableCopyright = "";
				INSTALL_PATH = "$(LOCAL_LIBRARY_DIR)/Frameworks";
				IPHONEOS_DEPLOYMENT_TARGET = 15.1;
				LD_RUNPATH_SEARCH_PATHS = (
					"$(inherited)",
					"@executable_path/../Frameworks",
					"@loader_path/Frameworks",
				);
				MACOSX_DEPLOYMENT_TARGET = 11.5;
				MARKETING_VERSION = 1.0;
				PRODUCT_BUNDLE_IDENTIFIER = com.TCode.EssentialFeed;
				PRODUCT_NAME = "$(TARGET_NAME:c99extidentifier)";
				SKIP_INSTALL = YES;
				SUPPORTED_PLATFORMS = "macosx iphonesimulator iphoneos";
				SWIFT_EMIT_LOC_STRINGS = YES;
				SWIFT_OPTIMIZATION_LEVEL = "-Onone";
				SWIFT_VERSION = 5.0;
			};
			name = Debug;
		};
		AAAF383827BA60080036F0C6 /* Release */ = {
			isa = XCBuildConfiguration;
			buildSettings = {
				CLANG_ENABLE_MODULES = YES;
				CODE_SIGN_STYLE = Automatic;
				COMBINE_HIDPI_IMAGES = YES;
				CURRENT_PROJECT_VERSION = 1;
				DEFINES_MODULE = YES;
				DEVELOPMENT_TEAM = 25258ALHUD;
				DYLIB_COMPATIBILITY_VERSION = 1;
				DYLIB_CURRENT_VERSION = 1;
				DYLIB_INSTALL_NAME_BASE = "@rpath";
				GENERATE_INFOPLIST_FILE = YES;
				INFOPLIST_KEY_NSHumanReadableCopyright = "";
				INSTALL_PATH = "$(LOCAL_LIBRARY_DIR)/Frameworks";
				IPHONEOS_DEPLOYMENT_TARGET = 15.1;
				LD_RUNPATH_SEARCH_PATHS = (
					"$(inherited)",
					"@executable_path/../Frameworks",
					"@loader_path/Frameworks",
				);
				MACOSX_DEPLOYMENT_TARGET = 11.5;
				MARKETING_VERSION = 1.0;
				PRODUCT_BUNDLE_IDENTIFIER = com.TCode.EssentialFeed;
				PRODUCT_NAME = "$(TARGET_NAME:c99extidentifier)";
				SKIP_INSTALL = YES;
				SUPPORTED_PLATFORMS = "macosx iphonesimulator iphoneos";
				SWIFT_EMIT_LOC_STRINGS = YES;
				SWIFT_VERSION = 5.0;
			};
			name = Release;
		};
		AAAF383A27BA60080036F0C6 /* Debug */ = {
			isa = XCBuildConfiguration;
			buildSettings = {
				ALWAYS_EMBED_SWIFT_STANDARD_LIBRARIES = YES;
				CODE_SIGN_STYLE = Automatic;
				CURRENT_PROJECT_VERSION = 1;
				DEVELOPMENT_TEAM = 25258ALHUD;
				GENERATE_INFOPLIST_FILE = YES;
				IPHONEOS_DEPLOYMENT_TARGET = 15.1;
				MACOSX_DEPLOYMENT_TARGET = 11.5;
				MARKETING_VERSION = 1.0;
				PRODUCT_BUNDLE_IDENTIFIER = com.TCode.EssentialFeedTests;
				PRODUCT_NAME = "$(TARGET_NAME)";
				SUPPORTED_PLATFORMS = "macosx iphonesimulator iphoneos";
				SWIFT_EMIT_LOC_STRINGS = NO;
				SWIFT_VERSION = 5.0;
			};
			name = Debug;
		};
		AAAF383B27BA60080036F0C6 /* Release */ = {
			isa = XCBuildConfiguration;
			buildSettings = {
				ALWAYS_EMBED_SWIFT_STANDARD_LIBRARIES = YES;
				CODE_SIGN_STYLE = Automatic;
				CURRENT_PROJECT_VERSION = 1;
				DEVELOPMENT_TEAM = 25258ALHUD;
				GENERATE_INFOPLIST_FILE = YES;
				IPHONEOS_DEPLOYMENT_TARGET = 15.1;
				MACOSX_DEPLOYMENT_TARGET = 11.5;
				MARKETING_VERSION = 1.0;
				PRODUCT_BUNDLE_IDENTIFIER = com.TCode.EssentialFeedTests;
				PRODUCT_NAME = "$(TARGET_NAME)";
				SUPPORTED_PLATFORMS = "macosx iphonesimulator iphoneos";
				SWIFT_EMIT_LOC_STRINGS = NO;
				SWIFT_VERSION = 5.0;
			};
			name = Release;
		};
		AAC882CB27F23A82002D4250 /* Debug */ = {
			isa = XCBuildConfiguration;
			buildSettings = {
				CLANG_ENABLE_MODULES = YES;
				CODE_SIGN_STYLE = Automatic;
				CURRENT_PROJECT_VERSION = 1;
				DEFINES_MODULE = YES;
				DEVELOPMENT_TEAM = 25258ALHUD;
				DYLIB_COMPATIBILITY_VERSION = 1;
				DYLIB_CURRENT_VERSION = 1;
				DYLIB_INSTALL_NAME_BASE = "@rpath";
				GENERATE_INFOPLIST_FILE = YES;
				INFOPLIST_KEY_NSHumanReadableCopyright = "";
				INSTALL_PATH = "$(LOCAL_LIBRARY_DIR)/Frameworks";
				IPHONEOS_DEPLOYMENT_TARGET = 15.1;
				LD_RUNPATH_SEARCH_PATHS = (
					"$(inherited)",
					"@executable_path/Frameworks",
					"@loader_path/Frameworks",
				);
				MARKETING_VERSION = 1.0;
				PRODUCT_BUNDLE_IDENTIFIER = com.TCode.EssentialFeediOS;
				PRODUCT_NAME = "$(TARGET_NAME:c99extidentifier)";
				SDKROOT = iphoneos;
				SKIP_INSTALL = YES;
				SWIFT_EMIT_LOC_STRINGS = YES;
				SWIFT_OPTIMIZATION_LEVEL = "-Onone";
				SWIFT_VERSION = 5.0;
				TARGETED_DEVICE_FAMILY = "1,2";
			};
			name = Debug;
		};
		AAC882CC27F23A82002D4250 /* Release */ = {
			isa = XCBuildConfiguration;
			buildSettings = {
				CLANG_ENABLE_MODULES = YES;
				CODE_SIGN_STYLE = Automatic;
				CURRENT_PROJECT_VERSION = 1;
				DEFINES_MODULE = YES;
				DEVELOPMENT_TEAM = 25258ALHUD;
				DYLIB_COMPATIBILITY_VERSION = 1;
				DYLIB_CURRENT_VERSION = 1;
				DYLIB_INSTALL_NAME_BASE = "@rpath";
				GENERATE_INFOPLIST_FILE = YES;
				INFOPLIST_KEY_NSHumanReadableCopyright = "";
				INSTALL_PATH = "$(LOCAL_LIBRARY_DIR)/Frameworks";
				IPHONEOS_DEPLOYMENT_TARGET = 15.1;
				LD_RUNPATH_SEARCH_PATHS = (
					"$(inherited)",
					"@executable_path/Frameworks",
					"@loader_path/Frameworks",
				);
				MARKETING_VERSION = 1.0;
				PRODUCT_BUNDLE_IDENTIFIER = com.TCode.EssentialFeediOS;
				PRODUCT_NAME = "$(TARGET_NAME:c99extidentifier)";
				SDKROOT = iphoneos;
				SKIP_INSTALL = YES;
				SWIFT_EMIT_LOC_STRINGS = YES;
				SWIFT_VERSION = 5.0;
				TARGETED_DEVICE_FAMILY = "1,2";
				VALIDATE_PRODUCT = YES;
			};
			name = Release;
		};
		AAD3BC8427ED18FF00896BDB /* Debug */ = {
			isa = XCBuildConfiguration;
			buildSettings = {
				CODE_SIGN_STYLE = Automatic;
				CURRENT_PROJECT_VERSION = 1;
				DEVELOPMENT_TEAM = 25258ALHUD;
				GENERATE_INFOPLIST_FILE = YES;
				IPHONEOS_DEPLOYMENT_TARGET = 15.1;
				MACOSX_DEPLOYMENT_TARGET = 11.5;
				MARKETING_VERSION = 1.0;
				PRODUCT_BUNDLE_IDENTIFIER = com.TCode.EssentialFeedCacheIntegrationTests;
				PRODUCT_NAME = "$(TARGET_NAME)";
				SUPPORTED_PLATFORMS = "macosx iphoneos iphonesimulator";
				SWIFT_EMIT_LOC_STRINGS = NO;
				SWIFT_VERSION = 5.0;
			};
			name = Debug;
		};
		AAD3BC8527ED18FF00896BDB /* Release */ = {
			isa = XCBuildConfiguration;
			buildSettings = {
				CODE_SIGN_STYLE = Automatic;
				CURRENT_PROJECT_VERSION = 1;
				DEVELOPMENT_TEAM = 25258ALHUD;
				GENERATE_INFOPLIST_FILE = YES;
				IPHONEOS_DEPLOYMENT_TARGET = 15.1;
				MACOSX_DEPLOYMENT_TARGET = 11.5;
				MARKETING_VERSION = 1.0;
				PRODUCT_BUNDLE_IDENTIFIER = com.TCode.EssentialFeedCacheIntegrationTests;
				PRODUCT_NAME = "$(TARGET_NAME)";
				SUPPORTED_PLATFORMS = "macosx iphoneos iphonesimulator";
				SWIFT_EMIT_LOC_STRINGS = NO;
				SWIFT_VERSION = 5.0;
			};
			name = Release;
		};
/* End XCBuildConfiguration section */

/* Begin XCConfigurationList section */
		AA3E15BB27C8EEC3008DABD0 /* Build configuration list for PBXNativeTarget "EssentialFeedAPIEndToEndTests" */ = {
			isa = XCConfigurationList;
			buildConfigurations = (
				AA3E15B927C8EEC3008DABD0 /* Debug */,
				AA3E15BA27C8EEC3008DABD0 /* Release */,
			);
			defaultConfigurationIsVisible = 0;
			defaultConfigurationName = Release;
		};
		AA7AA5E0284BAD9F0094F04B /* Build configuration list for PBXNativeTarget "EssentialFeediOSTests" */ = {
			isa = XCConfigurationList;
			buildConfigurations = (
				AA7AA5E1284BAD9F0094F04B /* Debug */,
				AA7AA5E2284BAD9F0094F04B /* Release */,
			);
			defaultConfigurationIsVisible = 0;
			defaultConfigurationName = Release;
		};
		AAAF381E27BA60080036F0C6 /* Build configuration list for PBXProject "EssentialFeed" */ = {
			isa = XCConfigurationList;
			buildConfigurations = (
				AAAF383427BA60080036F0C6 /* Debug */,
				AAAF383527BA60080036F0C6 /* Release */,
			);
			defaultConfigurationIsVisible = 0;
			defaultConfigurationName = Release;
		};
		AAAF383627BA60080036F0C6 /* Build configuration list for PBXNativeTarget "EssentialFeed" */ = {
			isa = XCConfigurationList;
			buildConfigurations = (
				AAAF383727BA60080036F0C6 /* Debug */,
				AAAF383827BA60080036F0C6 /* Release */,
			);
			defaultConfigurationIsVisible = 0;
			defaultConfigurationName = Release;
		};
		AAAF383927BA60080036F0C6 /* Build configuration list for PBXNativeTarget "EssentialFeedTests" */ = {
			isa = XCConfigurationList;
			buildConfigurations = (
				AAAF383A27BA60080036F0C6 /* Debug */,
				AAAF383B27BA60080036F0C6 /* Release */,
			);
			defaultConfigurationIsVisible = 0;
			defaultConfigurationName = Release;
		};
		AAC882CA27F23A82002D4250 /* Build configuration list for PBXNativeTarget "EssentialFeediOS" */ = {
			isa = XCConfigurationList;
			buildConfigurations = (
				AAC882CB27F23A82002D4250 /* Debug */,
				AAC882CC27F23A82002D4250 /* Release */,
			);
			defaultConfigurationIsVisible = 0;
			defaultConfigurationName = Release;
		};
		AAD3BC8327ED18FF00896BDB /* Build configuration list for PBXNativeTarget "EssentialFeedCacheIntegrationTests" */ = {
			isa = XCConfigurationList;
			buildConfigurations = (
				AAD3BC8427ED18FF00896BDB /* Debug */,
				AAD3BC8527ED18FF00896BDB /* Release */,
			);
			defaultConfigurationIsVisible = 0;
			defaultConfigurationName = Release;
		};
/* End XCConfigurationList section */

/* Begin XCVersionGroup section */
		AAD3BC6227ED115600896BDB /* FeedStore.xcdatamodeld */ = {
			isa = XCVersionGroup;
			children = (
				AA96AB1E283D72D2003559B5 /* FeedStore2.xcdatamodel */,
				AAD3BC6327ED115600896BDB /* FeedStore.xcdatamodel */,
			);
			currentVersion = AA96AB1E283D72D2003559B5 /* FeedStore2.xcdatamodel */;
			path = FeedStore.xcdatamodeld;
			sourceTree = "<group>";
			versionGroupType = wrapper.xcdatamodel;
		};
/* End XCVersionGroup section */
	};
	rootObject = AAAF381B27BA60080036F0C6 /* Project object */;
}
