<?xml version="1.0" encoding="UTF-8"?>
<Scheme
   LastUpgradeVersion = "1320"
   version = "1.3">
   <BuildAction
      parallelizeBuildables = "YES"
      buildImplicitDependencies = "YES">
      <BuildActionEntries>
         <BuildActionEntry
            buildForTesting = "YES"
            buildForRunning = "YES"
            buildForProfiling = "YES"
            buildForArchiving = "YES"
            buildForAnalyzing = "YES">
            <BuildableReference
               BuildableIdentifier = "primary"
               BlueprintIdentifier = "AAAF382327BA60080036F0C6"
               BuildableName = "EssentialFeed.framework"
               BlueprintName = "EssentialFeed"
               ReferencedContainer = "container:EssentialFeed.xcodeproj">
            </BuildableReference>
         </BuildActionEntry>
      </BuildActionEntries>
   </BuildAction>
   <TestAction
      buildConfiguration = "Debug"
      selectedDebuggerIdentifier = "Xcode.DebuggerFoundation.Debugger.LLDB"
      selectedLauncherIdentifier = "Xcode.DebuggerFoundation.Launcher.LLDB"
      shouldUseLaunchSchemeArgsEnv = "YES"
      enableThreadSanitizer = "YES"
      codeCoverageEnabled = "YES"
      onlyGenerateCoverageForSpecifiedTargets = "YES">
      <CodeCoverageTargets>
         <BuildableReference
            BuildableIdentifier = "primary"
            BlueprintIdentifier = "AAAF382327BA60080036F0C6"
            BuildableName = "EssentialFeed.framework"
            BlueprintName = "EssentialFeed"
            ReferencedContainer = "container:EssentialFeed.xcodeproj">
         </BuildableReference>
         <BuildableReference
            BuildableIdentifier = "primary"
            BlueprintIdentifier = "AAC882BA27F23A82002D4250"
            BuildableName = "EssentialFeediOS.framework"
            BlueprintName = "EssentialFeediOS"
            ReferencedContainer = "container:EssentialFeed.xcodeproj">
         </BuildableReference>
         <BuildableReference
            BuildableIdentifier = "primary"
            BlueprintIdentifier = "AA96AB2B283EA16C003559B5"
            BuildableName = "EssentialApp.app"
            BlueprintName = "EssentialApp"
            ReferencedContainer = "container:EssentialApp/EssentialApp.xcodeproj">
         </BuildableReference>
      </CodeCoverageTargets>
      <Testables>
         <TestableReference
            skipped = "NO"
            testExecutionOrdering = "random">
            <BuildableReference
               BuildableIdentifier = "primary"
               BlueprintIdentifier = "AAAF382B27BA60080036F0C6"
               BuildableName = "EssentialFeedTests.xctest"
               BlueprintName = "EssentialFeedTests"
               ReferencedContainer = "container:EssentialFeed.xcodeproj">
            </BuildableReference>
         </TestableReference>
         <TestableReference
            skipped = "NO"
            testExecutionOrdering = "random">
            <BuildableReference
               BuildableIdentifier = "primary"
               BlueprintIdentifier = "AA3E15B127C8EEC3008DABD0"
               BuildableName = "EssentialFeedAPIEndToEndTests.xctest"
               BlueprintName = "EssentialFeedAPIEndToEndTests"
               ReferencedContainer = "container:EssentialFeed.xcodeproj">
            </BuildableReference>
         </TestableReference>
         <TestableReference
            skipped = "NO"
            testExecutionOrdering = "random">
            <BuildableReference
               BuildableIdentifier = "primary"
               BlueprintIdentifier = "AAD3BC7B27ED18FF00896BDB"
               BuildableName = "EssentialFeedCacheIntegrationTests.xctest"
               BlueprintName = "EssentialFeedCacheIntegrationTests"
               ReferencedContainer = "container:EssentialFeed.xcodeproj">
            </BuildableReference>
         </TestableReference>
         <TestableReference
            skipped = "NO"
            testExecutionOrdering = "random">
            <BuildableReference
               BuildableIdentifier = "primary"
               BlueprintIdentifier = "AAC882C127F23A82002D4250"
               BuildableName = "EssentialFeediOSTests.xctest"
               BlueprintName = "EssentialFeediOSTests"
               ReferencedContainer = "container:EssentialFeed.xcodeproj">
            </BuildableReference>
         </TestableReference>
         <TestableReference
            skipped = "NO"
            testExecutionOrdering = "random">
            <BuildableReference
               BuildableIdentifier = "primary"
               BlueprintIdentifier = "AA96AB41283EA16D003559B5"
               BuildableName = "EssentialAppTests.xctest"
               BlueprintName = "EssentialAppTests"
               ReferencedContainer = "container:EssentialApp/EssentialApp.xcodeproj">
            </BuildableReference>
         </TestableReference>
      </Testables>
   </TestAction>
   <LaunchAction
      buildConfiguration = "Debug"
      selectedDebuggerIdentifier = "Xcode.DebuggerFoundation.Debugger.LLDB"
      selectedLauncherIdentifier = "Xcode.DebuggerFoundation.Launcher.LLDB"
      launchStyle = "0"
      useCustomWorkingDirectory = "NO"
      ignoresPersistentStateOnLaunch = "NO"
      debugDocumentVersioning = "YES"
      debugServiceExtension = "internal"
      allowLocationSimulation = "YES">
   </LaunchAction>
   <ProfileAction
      buildConfiguration = "Release"
      shouldUseLaunchSchemeArgsEnv = "YES"
      savedToolIdentifier = ""
      useCustomWorkingDirectory = "NO"
      debugDocumentVersioning = "YES">
      <MacroExpansion>
         <BuildableReference
            BuildableIdentifier = "primary"
            BlueprintIdentifier = "AAAF382327BA60080036F0C6"
            BuildableName = "EssentialFeed.framework"
            BlueprintName = "EssentialFeed"
            ReferencedContainer = "container:EssentialFeed.xcodeproj">
         </BuildableReference>
      </MacroExpansion>
   </ProfileAction>
   <AnalyzeAction
      buildConfiguration = "Debug">
   </AnalyzeAction>
   <ArchiveAction
      buildConfiguration = "Release"
      revealArchiveInOrganizer = "YES">
   </ArchiveAction>
</Scheme>
