// !$*UTF8*$!
{
	archiveVersion = 1;
	classes = {
	};
	objectVersion = 55;
	objects = {

/* Begin PBXBuildFile section */
		AA96AB30283EA16C003559B5 /* AppDelegate.swift in Sources */ = {isa = PBXBuildFile; fileRef = AA96AB2F283EA16C003559B5 /* AppDelegate.swift */; };
		AA96AB32283EA16C003559B5 /* SceneDelegate.swift in Sources */ = {isa = PBXBuildFile; fileRef = AA96AB31283EA16C003559B5 /* SceneDelegate.swift */; };
		AA96AB37283EA16C003559B5 /* Main.storyboard in Resources */ = {isa = PBXBuildFile; fileRef = AA96AB35283EA16C003559B5 /* Main.storyboard */; };
		AA96AB39283EA16D003559B5 /* Assets.xcassets in Resources */ = {isa = PBXBuildFile; fileRef = AA96AB38283EA16D003559B5 /* Assets.xcassets */; };
		AA96AB3C283EA16D003559B5 /* LaunchScreen.storyboard in Resources */ = {isa = PBXBuildFile; fileRef = AA96AB3A283EA16D003559B5 /* LaunchScreen.storyboard */; };
		AA96AB61283EA274003559B5 /* EssentialFeed.framework in Frameworks */ = {isa = PBXBuildFile; fileRef = AA96AB60283EA274003559B5 /* EssentialFeed.framework */; };
		AA96AB62283EA274003559B5 /* EssentialFeed.framework in Embed Frameworks */ = {isa = PBXBuildFile; fileRef = AA96AB60283EA274003559B5 /* EssentialFeed.framework */; settings = {ATTRIBUTES = (CodeSignOnCopy, RemoveHeadersOnCopy, ); }; };
		AA96AB65283EA278003559B5 /* EssentialFeediOS.framework in Frameworks */ = {isa = PBXBuildFile; fileRef = AA96AB64283EA278003559B5 /* EssentialFeediOS.framework */; };
		AA96AB66283EA278003559B5 /* EssentialFeediOS.framework in Embed Frameworks */ = {isa = PBXBuildFile; fileRef = AA96AB64283EA278003559B5 /* EssentialFeediOS.framework */; settings = {ATTRIBUTES = (CodeSignOnCopy, RemoveHeadersOnCopy, ); }; };
		AAE296DF284212C400885482 /* FeedLoaderWithFallbackCompositeTests.swift in Sources */ = {isa = PBXBuildFile; fileRef = AAE296DE284212C400885482 /* FeedLoaderWithFallbackCompositeTests.swift */; };
		AAE296E128421A1B00885482 /* FeedLoaderWithFallbackComposite.swift in Sources */ = {isa = PBXBuildFile; fileRef = AAE296E028421A1B00885482 /* FeedLoaderWithFallbackComposite.swift */; };
		AAE296E328421AA000885482 /* FeedImageDataLoaderWithFallbackCompositeTests.swift in Sources */ = {isa = PBXBuildFile; fileRef = AAE296E228421AA000885482 /* FeedImageDataLoaderWithFallbackCompositeTests.swift */; };
		AAE296E528421D1900885482 /* FeedImageDataLoaderWithFallbackComposite.swift in Sources */ = {isa = PBXBuildFile; fileRef = AAE296E428421D1900885482 /* FeedImageDataLoaderWithFallbackComposite.swift */; };
		AAE296E828421D8B00885482 /* XCTestCase+MemoryLeakTracking.swift in Sources */ = {isa = PBXBuildFile; fileRef = AAE296E728421D8B00885482 /* XCTestCase+MemoryLeakTracking.swift */; };
		AAE296EA28421DF300885482 /* SharedTestHelpers.swift in Sources */ = {isa = PBXBuildFile; fileRef = AAE296E928421DF300885482 /* SharedTestHelpers.swift */; };
		AAE296EC28426B9700885482 /* FeedLoaderCacheDecoratorTests.swift in Sources */ = {isa = PBXBuildFile; fileRef = AAE296EB28426B9700885482 /* FeedLoaderCacheDecoratorTests.swift */; };
		AAE296EE28426D3B00885482 /* FeedLoaderStub.swift in Sources */ = {isa = PBXBuildFile; fileRef = AAE296ED28426D3B00885482 /* FeedLoaderStub.swift */; };
		AAE296F028426DD200885482 /* XCTestCase+FeedLoader.swift in Sources */ = {isa = PBXBuildFile; fileRef = AAE296EF28426DD200885482 /* XCTestCase+FeedLoader.swift */; };
		AAE296F428427B5C00885482 /* FeedLoaderCacheDecorator.swift in Sources */ = {isa = PBXBuildFile; fileRef = AAE296F328427B5C00885482 /* FeedLoaderCacheDecorator.swift */; };
		AAE296F628427CF500885482 /* FeedImageDataLoaderCacheDecoratorTests.swift in Sources */ = {isa = PBXBuildFile; fileRef = AAE296F528427CF500885482 /* FeedImageDataLoaderCacheDecoratorTests.swift */; };
		AAE296F828427D7100885482 /* FeedImageDataLoaderSpy.swift in Sources */ = {isa = PBXBuildFile; fileRef = AAE296F728427D7100885482 /* FeedImageDataLoaderSpy.swift */; };
		AAE296FA28427E5200885482 /* XCTestCase+FeedImageDataLoader.swift in Sources */ = {isa = PBXBuildFile; fileRef = AAE296F928427E5200885482 /* XCTestCase+FeedImageDataLoader.swift */; };
/* End PBXBuildFile section */

/* Begin PBXContainerItemProxy section */
		AA96AB43283EA16D003559B5 /* PBXContainerItemProxy */ = {
			isa = PBXContainerItemProxy;
			containerPortal = AA96AB24283EA16C003559B5 /* Project object */;
			proxyType = 1;
			remoteGlobalIDString = AA96AB2B283EA16C003559B5;
			remoteInfo = EssentialApp;
		};
/* End PBXContainerItemProxy section */

/* Begin PBXCopyFilesBuildPhase section */
		AA96AB63283EA274003559B5 /* Embed Frameworks */ = {
			isa = PBXCopyFilesBuildPhase;
			buildActionMask = 2147483647;
			dstPath = "";
			dstSubfolderSpec = 10;
			files = (
				AA96AB62283EA274003559B5 /* EssentialFeed.framework in Embed Frameworks */,
				AA96AB66283EA278003559B5 /* EssentialFeediOS.framework in Embed Frameworks */,
			);
			name = "Embed Frameworks";
			runOnlyForDeploymentPostprocessing = 0;
		};
/* End PBXCopyFilesBuildPhase section */

/* Begin PBXFileReference section */
		AA96AB2C283EA16C003559B5 /* EssentialApp.app */ = {isa = PBXFileReference; explicitFileType = wrapper.application; includeInIndex = 0; path = EssentialApp.app; sourceTree = BUILT_PRODUCTS_DIR; };
		AA96AB2F283EA16C003559B5 /* AppDelegate.swift */ = {isa = PBXFileReference; lastKnownFileType = sourcecode.swift; path = AppDelegate.swift; sourceTree = "<group>"; };
		AA96AB31283EA16C003559B5 /* SceneDelegate.swift */ = {isa = PBXFileReference; lastKnownFileType = sourcecode.swift; path = SceneDelegate.swift; sourceTree = "<group>"; };
		AA96AB36283EA16C003559B5 /* Base */ = {isa = PBXFileReference; lastKnownFileType = file.storyboard; name = Base; path = Base.lproj/Main.storyboard; sourceTree = "<group>"; };
		AA96AB38283EA16D003559B5 /* Assets.xcassets */ = {isa = PBXFileReference; lastKnownFileType = folder.assetcatalog; path = Assets.xcassets; sourceTree = "<group>"; };
		AA96AB3B283EA16D003559B5 /* Base */ = {isa = PBXFileReference; lastKnownFileType = file.storyboard; name = Base; path = Base.lproj/LaunchScreen.storyboard; sourceTree = "<group>"; };
		AA96AB3D283EA16D003559B5 /* Info.plist */ = {isa = PBXFileReference; lastKnownFileType = text.plist.xml; path = Info.plist; sourceTree = "<group>"; };
		AA96AB42283EA16D003559B5 /* EssentialAppTests.xctest */ = {isa = PBXFileReference; explicitFileType = wrapper.cfbundle; includeInIndex = 0; path = EssentialAppTests.xctest; sourceTree = BUILT_PRODUCTS_DIR; };
		AA96AB60283EA274003559B5 /* EssentialFeed.framework */ = {isa = PBXFileReference; explicitFileType = wrapper.framework; path = EssentialFeed.framework; sourceTree = BUILT_PRODUCTS_DIR; };
		AA96AB64283EA278003559B5 /* EssentialFeediOS.framework */ = {isa = PBXFileReference; explicitFileType = wrapper.framework; path = EssentialFeediOS.framework; sourceTree = BUILT_PRODUCTS_DIR; };
		AAE296DE284212C400885482 /* FeedLoaderWithFallbackCompositeTests.swift */ = {isa = PBXFileReference; lastKnownFileType = sourcecode.swift; path = FeedLoaderWithFallbackCompositeTests.swift; sourceTree = "<group>"; };
		AAE296E028421A1B00885482 /* FeedLoaderWithFallbackComposite.swift */ = {isa = PBXFileReference; lastKnownFileType = sourcecode.swift; path = FeedLoaderWithFallbackComposite.swift; sourceTree = "<group>"; };
		AAE296E228421AA000885482 /* FeedImageDataLoaderWithFallbackCompositeTests.swift */ = {isa = PBXFileReference; lastKnownFileType = sourcecode.swift; path = FeedImageDataLoaderWithFallbackCompositeTests.swift; sourceTree = "<group>"; };
		AAE296E428421D1900885482 /* FeedImageDataLoaderWithFallbackComposite.swift */ = {isa = PBXFileReference; lastKnownFileType = sourcecode.swift; path = FeedImageDataLoaderWithFallbackComposite.swift; sourceTree = "<group>"; };
		AAE296E728421D8B00885482 /* XCTestCase+MemoryLeakTracking.swift */ = {isa = PBXFileReference; lastKnownFileType = sourcecode.swift; path = "XCTestCase+MemoryLeakTracking.swift"; sourceTree = "<group>"; };
		AAE296E928421DF300885482 /* SharedTestHelpers.swift */ = {isa = PBXFileReference; lastKnownFileType = sourcecode.swift; path = SharedTestHelpers.swift; sourceTree = "<group>"; };
		AAE296EB28426B9700885482 /* FeedLoaderCacheDecoratorTests.swift */ = {isa = PBXFileReference; lastKnownFileType = sourcecode.swift; path = FeedLoaderCacheDecoratorTests.swift; sourceTree = "<group>"; };
		AAE296ED28426D3B00885482 /* FeedLoaderStub.swift */ = {isa = PBXFileReference; lastKnownFileType = sourcecode.swift; path = FeedLoaderStub.swift; sourceTree = "<group>"; };
		AAE296EF28426DD200885482 /* XCTestCase+FeedLoader.swift */ = {isa = PBXFileReference; lastKnownFileType = sourcecode.swift; path = "XCTestCase+FeedLoader.swift"; sourceTree = "<group>"; };
		AAE296F328427B5C00885482 /* FeedLoaderCacheDecorator.swift */ = {isa = PBXFileReference; lastKnownFileType = sourcecode.swift; path = FeedLoaderCacheDecorator.swift; sourceTree = "<group>"; };
		AAE296F528427CF500885482 /* FeedImageDataLoaderCacheDecoratorTests.swift */ = {isa = PBXFileReference; lastKnownFileType = sourcecode.swift; path = FeedImageDataLoaderCacheDecoratorTests.swift; sourceTree = "<group>"; };
		AAE296F728427D7100885482 /* FeedImageDataLoaderSpy.swift */ = {isa = PBXFileReference; lastKnownFileType = sourcecode.swift; path = FeedImageDataLoaderSpy.swift; sourceTree = "<group>"; };
		AAE296F928427E5200885482 /* XCTestCase+FeedImageDataLoader.swift */ = {isa = PBXFileReference; lastKnownFileType = sourcecode.swift; path = "XCTestCase+FeedImageDataLoader.swift"; sourceTree = "<group>"; };
/* End PBXFileReference section */

/* Begin PBXFrameworksBuildPhase section */
		AA96AB29283EA16C003559B5 /* Frameworks */ = {
			isa = PBXFrameworksBuildPhase;
			buildActionMask = 2147483647;
			files = (
				AA96AB61283EA274003559B5 /* EssentialFeed.framework in Frameworks */,
				AA96AB65283EA278003559B5 /* EssentialFeediOS.framework in Frameworks */,
			);
			runOnlyForDeploymentPostprocessing = 0;
		};
		AA96AB3F283EA16D003559B5 /* Frameworks */ = {
			isa = PBXFrameworksBuildPhase;
			buildActionMask = 2147483647;
			files = (
			);
			runOnlyForDeploymentPostprocessing = 0;
		};
/* End PBXFrameworksBuildPhase section */

/* Begin PBXGroup section */
		AA96AB23283EA16C003559B5 = {
			isa = PBXGroup;
			children = (
				AA96AB2E283EA16C003559B5 /* EssentialApp */,
				AA96AB45283EA16D003559B5 /* EssentialAppTests */,
				AA96AB2D283EA16C003559B5 /* Products */,
				AA96AB5F283EA274003559B5 /* Frameworks */,
			);
			sourceTree = "<group>";
		};
		AA96AB2D283EA16C003559B5 /* Products */ = {
			isa = PBXGroup;
			children = (
				AA96AB2C283EA16C003559B5 /* EssentialApp.app */,
				AA96AB42283EA16D003559B5 /* EssentialAppTests.xctest */,
			);
			name = Products;
			sourceTree = "<group>";
		};
		AA96AB2E283EA16C003559B5 /* EssentialApp */ = {
			isa = PBXGroup;
			children = (
				AA96AB3D283EA16D003559B5 /* Info.plist */,
				AA96AB2F283EA16C003559B5 /* AppDelegate.swift */,
				AAE296E428421D1900885482 /* FeedImageDataLoaderWithFallbackComposite.swift */,
				AAE296F328427B5C00885482 /* FeedLoaderCacheDecorator.swift */,
				AAE296E028421A1B00885482 /* FeedLoaderWithFallbackComposite.swift */,
				AA96AB31283EA16C003559B5 /* SceneDelegate.swift */,
				AA96AB38283EA16D003559B5 /* Assets.xcassets */,
				AA96AB3A283EA16D003559B5 /* LaunchScreen.storyboard */,
				AA96AB35283EA16C003559B5 /* Main.storyboard */,
			);
			path = EssentialApp;
			sourceTree = "<group>";
		};
		AA96AB45283EA16D003559B5 /* EssentialAppTests */ = {
			isa = PBXGroup;
			children = (
				AAE296F528427CF500885482 /* FeedImageDataLoaderCacheDecoratorTests.swift */,
				AAE296E228421AA000885482 /* FeedImageDataLoaderWithFallbackCompositeTests.swift */,
				AAE296EB28426B9700885482 /* FeedLoaderCacheDecoratorTests.swift */,
				AAE296DE284212C400885482 /* FeedLoaderWithFallbackCompositeTests.swift */,
				AAE296E628421D6F00885482 /* Helpers */,
			);
			path = EssentialAppTests;
			sourceTree = "<group>";
		};
		AA96AB5F283EA274003559B5 /* Frameworks */ = {
			isa = PBXGroup;
			children = (
				AA96AB64283EA278003559B5 /* EssentialFeediOS.framework */,
				AA96AB60283EA274003559B5 /* EssentialFeed.framework */,
			);
			name = Frameworks;
			sourceTree = "<group>";
		};
		AAE296E628421D6F00885482 /* Helpers */ = {
			isa = PBXGroup;
			children = (
				AAE296F728427D7100885482 /* FeedImageDataLoaderSpy.swift */,
				AAE296ED28426D3B00885482 /* FeedLoaderStub.swift */,
				AAE296E928421DF300885482 /* SharedTestHelpers.swift */,
				AAE296F928427E5200885482 /* XCTestCase+FeedImageDataLoader.swift */,
				AAE296EF28426DD200885482 /* XCTestCase+FeedLoader.swift */,
				AAE296E728421D8B00885482 /* XCTestCase+MemoryLeakTracking.swift */,
			);
			path = Helpers;
			sourceTree = "<group>";
		};
/* End PBXGroup section */

/* Begin PBXNativeTarget section */
		AA96AB2B283EA16C003559B5 /* EssentialApp */ = {
			isa = PBXNativeTarget;
			buildConfigurationList = AA96AB56283EA16D003559B5 /* Build configuration list for PBXNativeTarget "EssentialApp" */;
			buildPhases = (
				AA96AB28283EA16C003559B5 /* Sources */,
				AA96AB29283EA16C003559B5 /* Frameworks */,
				AA96AB2A283EA16C003559B5 /* Resources */,
				AA96AB63283EA274003559B5 /* Embed Frameworks */,
			);
			buildRules = (
			);
			dependencies = (
			);
			name = EssentialApp;
			productName = EssentialApp;
			productReference = AA96AB2C283EA16C003559B5 /* EssentialApp.app */;
			productType = "com.apple.product-type.application";
		};
		AA96AB41283EA16D003559B5 /* EssentialAppTests */ = {
			isa = PBXNativeTarget;
			buildConfigurationList = AA96AB59283EA16D003559B5 /* Build configuration list for PBXNativeTarget "EssentialAppTests" */;
			buildPhases = (
				AA96AB3E283EA16D003559B5 /* Sources */,
				AA96AB3F283EA16D003559B5 /* Frameworks */,
				AA96AB40283EA16D003559B5 /* Resources */,
			);
			buildRules = (
			);
			dependencies = (
				AA96AB44283EA16D003559B5 /* PBXTargetDependency */,
			);
			name = EssentialAppTests;
			productName = EssentialAppTests;
			productReference = AA96AB42283EA16D003559B5 /* EssentialAppTests.xctest */;
			productType = "com.apple.product-type.bundle.unit-test";
		};
/* End PBXNativeTarget section */

/* Begin PBXProject section */
		AA96AB24283EA16C003559B5 /* Project object */ = {
			isa = PBXProject;
			attributes = {
				BuildIndependentTargetsInParallel = 1;
				LastSwiftUpdateCheck = 1340;
				LastUpgradeCheck = 1340;
				TargetAttributes = {
					AA96AB2B283EA16C003559B5 = {
						CreatedOnToolsVersion = 13.4;
					};
					AA96AB41283EA16D003559B5 = {
						CreatedOnToolsVersion = 13.4;
						TestTargetID = AA96AB2B283EA16C003559B5;
					};
				};
			};
			buildConfigurationList = AA96AB27283EA16C003559B5 /* Build configuration list for PBXProject "EssentialApp" */;
			compatibilityVersion = "Xcode 13.0";
			developmentRegion = en;
			hasScannedForEncodings = 0;
			knownRegions = (
				en,
				Base,
			);
			mainGroup = AA96AB23283EA16C003559B5;
			productRefGroup = AA96AB2D283EA16C003559B5 /* Products */;
			projectDirPath = "";
			projectRoot = "";
			targets = (
				AA96AB2B283EA16C003559B5 /* EssentialApp */,
				AA96AB41283EA16D003559B5 /* EssentialAppTests */,
			);
		};
/* End PBXProject section */

/* Begin PBXResourcesBuildPhase section */
		AA96AB2A283EA16C003559B5 /* Resources */ = {
			isa = PBXResourcesBuildPhase;
			buildActionMask = 2147483647;
			files = (
				AA96AB3C283EA16D003559B5 /* LaunchScreen.storyboard in Resources */,
				AA96AB39283EA16D003559B5 /* Assets.xcassets in Resources */,
				AA96AB37283EA16C003559B5 /* Main.storyboard in Resources */,
			);
			runOnlyForDeploymentPostprocessing = 0;
		};
		AA96AB40283EA16D003559B5 /* Resources */ = {
			isa = PBXResourcesBuildPhase;
			buildActionMask = 2147483647;
			files = (
			);
			runOnlyForDeploymentPostprocessing = 0;
		};
/* End PBXResourcesBuildPhase section */

/* Begin PBXSourcesBuildPhase section */
		AA96AB28283EA16C003559B5 /* Sources */ = {
			isa = PBXSourcesBuildPhase;
			buildActionMask = 2147483647;
			files = (
				AAE296E528421D1900885482 /* FeedImageDataLoaderWithFallbackComposite.swift in Sources */,
				AA96AB30283EA16C003559B5 /* AppDelegate.swift in Sources */,
				AAE296E128421A1B00885482 /* FeedLoaderWithFallbackComposite.swift in Sources */,
				AAE296F428427B5C00885482 /* FeedLoaderCacheDecorator.swift in Sources */,
				AA96AB32283EA16C003559B5 /* SceneDelegate.swift in Sources */,
			);
			runOnlyForDeploymentPostprocessing = 0;
		};
		AA96AB3E283EA16D003559B5 /* Sources */ = {
			isa = PBXSourcesBuildPhase;
			buildActionMask = 2147483647;
			files = (
				AAE296F028426DD200885482 /* XCTestCase+FeedLoader.swift in Sources */,
				AAE296F628427CF500885482 /* FeedImageDataLoaderCacheDecoratorTests.swift in Sources */,
				AAE296EA28421DF300885482 /* SharedTestHelpers.swift in Sources */,
				AAE296FA28427E5200885482 /* XCTestCase+FeedImageDataLoader.swift in Sources */,
				AAE296EC28426B9700885482 /* FeedLoaderCacheDecoratorTests.swift in Sources */,
				AAE296F828427D7100885482 /* FeedImageDataLoaderSpy.swift in Sources */,
				AAE296E328421AA000885482 /* FeedImageDataLoaderWithFallbackCompositeTests.swift in Sources */,
				AAE296DF284212C400885482 /* FeedLoaderWithFallbackCompositeTests.swift in Sources */,
				AAE296EE28426D3B00885482 /* FeedLoaderStub.swift in Sources */,
				AAE296E828421D8B00885482 /* XCTestCase+MemoryLeakTracking.swift in Sources */,
			);
			runOnlyForDeploymentPostprocessing = 0;
		};
/* End PBXSourcesBuildPhase section */

/* Begin PBXTargetDependency section */
		AA96AB44283EA16D003559B5 /* PBXTargetDependency */ = {
			isa = PBXTargetDependency;
			target = AA96AB2B283EA16C003559B5 /* EssentialApp */;
			targetProxy = AA96AB43283EA16D003559B5 /* PBXContainerItemProxy */;
		};
/* End PBXTargetDependency section */

/* Begin PBXVariantGroup section */
		AA96AB35283EA16C003559B5 /* Main.storyboard */ = {
			isa = PBXVariantGroup;
			children = (
				AA96AB36283EA16C003559B5 /* Base */,
			);
			name = Main.storyboard;
			sourceTree = "<group>";
		};
		AA96AB3A283EA16D003559B5 /* LaunchScreen.storyboard */ = {
			isa = PBXVariantGroup;
			children = (
				AA96AB3B283EA16D003559B5 /* Base */,
			);
			name = LaunchScreen.storyboard;
			sourceTree = "<group>";
		};
/* End PBXVariantGroup section */

/* Begin XCBuildConfiguration section */
		AA96AB54283EA16D003559B5 /* Debug */ = {
			isa = XCBuildConfiguration;
			buildSettings = {
				ALWAYS_SEARCH_USER_PATHS = NO;
				CLANG_ANALYZER_NONNULL = YES;
				CLANG_ANALYZER_NUMBER_OBJECT_CONVERSION = YES_AGGRESSIVE;
				CLANG_CXX_LANGUAGE_STANDARD = "gnu++17";
				CLANG_ENABLE_MODULES = YES;
				CLANG_ENABLE_OBJC_ARC = YES;
				CLANG_ENABLE_OBJC_WEAK = YES;
				CLANG_WARN_BLOCK_CAPTURE_AUTORELEASING = YES;
				CLANG_WARN_BOOL_CONVERSION = YES;
				CLANG_WARN_COMMA = YES;
				CLANG_WARN_CONSTANT_CONVERSION = YES;
				CLANG_WARN_DEPRECATED_OBJC_IMPLEMENTATIONS = YES;
				CLANG_WARN_DIRECT_OBJC_ISA_USAGE = YES_ERROR;
				CLANG_WARN_DOCUMENTATION_COMMENTS = YES;
				CLANG_WARN_EMPTY_BODY = YES;
				CLANG_WARN_ENUM_CONVERSION = YES;
				CLANG_WARN_INFINITE_RECURSION = YES;
				CLANG_WARN_INT_CONVERSION = YES;
				CLANG_WARN_NON_LITERAL_NULL_CONVERSION = YES;
				CLANG_WARN_OBJC_IMPLICIT_RETAIN_SELF = YES;
				CLANG_WARN_OBJC_LITERAL_CONVERSION = YES;
				CLANG_WARN_OBJC_ROOT_CLASS = YES_ERROR;
				CLANG_WARN_QUOTED_INCLUDE_IN_FRAMEWORK_HEADER = YES;
				CLANG_WARN_RANGE_LOOP_ANALYSIS = YES;
				CLANG_WARN_STRICT_PROTOTYPES = YES;
				CLANG_WARN_SUSPICIOUS_MOVE = YES;
				CLANG_WARN_UNGUARDED_AVAILABILITY = YES_AGGRESSIVE;
				CLANG_WARN_UNREACHABLE_CODE = YES;
				CLANG_WARN__DUPLICATE_METHOD_MATCH = YES;
				COPY_PHASE_STRIP = NO;
				DEBUG_INFORMATION_FORMAT = dwarf;
				ENABLE_STRICT_OBJC_MSGSEND = YES;
				ENABLE_TESTABILITY = YES;
				GCC_C_LANGUAGE_STANDARD = gnu11;
				GCC_DYNAMIC_NO_PIC = NO;
				GCC_NO_COMMON_BLOCKS = YES;
				GCC_OPTIMIZATION_LEVEL = 0;
				GCC_PREPROCESSOR_DEFINITIONS = (
					"DEBUG=1",
					"$(inherited)",
				);
				GCC_WARN_64_TO_32_BIT_CONVERSION = YES;
				GCC_WARN_ABOUT_RETURN_TYPE = YES_ERROR;
				GCC_WARN_UNDECLARED_SELECTOR = YES;
				GCC_WARN_UNINITIALIZED_AUTOS = YES_AGGRESSIVE;
				GCC_WARN_UNUSED_FUNCTION = YES;
				GCC_WARN_UNUSED_VARIABLE = YES;
				IPHONEOS_DEPLOYMENT_TARGET = 15.5;
				MTL_ENABLE_DEBUG_INFO = INCLUDE_SOURCE;
				MTL_FAST_MATH = YES;
				ONLY_ACTIVE_ARCH = YES;
				SDKROOT = iphoneos;
				SWIFT_ACTIVE_COMPILATION_CONDITIONS = DEBUG;
				SWIFT_OPTIMIZATION_LEVEL = "-Onone";
			};
			name = Debug;
		};
		AA96AB55283EA16D003559B5 /* Release */ = {
			isa = XCBuildConfiguration;
			buildSettings = {
				ALWAYS_SEARCH_USER_PATHS = NO;
				CLANG_ANALYZER_NONNULL = YES;
				CLANG_ANALYZER_NUMBER_OBJECT_CONVERSION = YES_AGGRESSIVE;
				CLANG_CXX_LANGUAGE_STANDARD = "gnu++17";
				CLANG_ENABLE_MODULES = YES;
				CLANG_ENABLE_OBJC_ARC = YES;
				CLANG_ENABLE_OBJC_WEAK = YES;
				CLANG_WARN_BLOCK_CAPTURE_AUTORELEASING = YES;
				CLANG_WARN_BOOL_CONVERSION = YES;
				CLANG_WARN_COMMA = YES;
				CLANG_WARN_CONSTANT_CONVERSION = YES;
				CLANG_WARN_DEPRECATED_OBJC_IMPLEMENTATIONS = YES;
				CLANG_WARN_DIRECT_OBJC_ISA_USAGE = YES_ERROR;
				CLANG_WARN_DOCUMENTATION_COMMENTS = YES;
				CLANG_WARN_EMPTY_BODY = YES;
				CLANG_WARN_ENUM_CONVERSION = YES;
				CLANG_WARN_INFINITE_RECURSION = YES;
				CLANG_WARN_INT_CONVERSION = YES;
				CLANG_WARN_NON_LITERAL_NULL_CONVERSION = YES;
				CLANG_WARN_OBJC_IMPLICIT_RETAIN_SELF = YES;
				CLANG_WARN_OBJC_LITERAL_CONVERSION = YES;
				CLANG_WARN_OBJC_ROOT_CLASS = YES_ERROR;
				CLANG_WARN_QUOTED_INCLUDE_IN_FRAMEWORK_HEADER = YES;
				CLANG_WARN_RANGE_LOOP_ANALYSIS = YES;
				CLANG_WARN_STRICT_PROTOTYPES = YES;
				CLANG_WARN_SUSPICIOUS_MOVE = YES;
				CLANG_WARN_UNGUARDED_AVAILABILITY = YES_AGGRESSIVE;
				CLANG_WARN_UNREACHABLE_CODE = YES;
				CLANG_WARN__DUPLICATE_METHOD_MATCH = YES;
				COPY_PHASE_STRIP = NO;
				DEBUG_INFORMATION_FORMAT = "dwarf-with-dsym";
				ENABLE_NS_ASSERTIONS = NO;
				ENABLE_STRICT_OBJC_MSGSEND = YES;
				GCC_C_LANGUAGE_STANDARD = gnu11;
				GCC_NO_COMMON_BLOCKS = YES;
				GCC_WARN_64_TO_32_BIT_CONVERSION = YES;
				GCC_WARN_ABOUT_RETURN_TYPE = YES_ERROR;
				GCC_WARN_UNDECLARED_SELECTOR = YES;
				GCC_WARN_UNINITIALIZED_AUTOS = YES_AGGRESSIVE;
				GCC_WARN_UNUSED_FUNCTION = YES;
				GCC_WARN_UNUSED_VARIABLE = YES;
				IPHONEOS_DEPLOYMENT_TARGET = 15.5;
				MTL_ENABLE_DEBUG_INFO = NO;
				MTL_FAST_MATH = YES;
				SDKROOT = iphoneos;
				SWIFT_COMPILATION_MODE = wholemodule;
				SWIFT_OPTIMIZATION_LEVEL = "-O";
				VALIDATE_PRODUCT = YES;
			};
			name = Release;
		};
		AA96AB57283EA16D003559B5 /* Debug */ = {
			isa = XCBuildConfiguration;
			buildSettings = {
				ASSETCATALOG_COMPILER_APPICON_NAME = AppIcon;
				ASSETCATALOG_COMPILER_GLOBAL_ACCENT_COLOR_NAME = AccentColor;
				CODE_SIGN_STYLE = Automatic;
				CURRENT_PROJECT_VERSION = 1;
				DEVELOPMENT_TEAM = 25258ALHUD;
				GENERATE_INFOPLIST_FILE = YES;
				INFOPLIST_FILE = EssentialApp/Info.plist;
				INFOPLIST_KEY_UIApplicationSupportsIndirectInputEvents = YES;
				INFOPLIST_KEY_UILaunchStoryboardName = LaunchScreen;
				INFOPLIST_KEY_UIMainStoryboardFile = Main;
				INFOPLIST_KEY_UISupportedInterfaceOrientations = UIInterfaceOrientationPortrait;
				INFOPLIST_KEY_UISupportedInterfaceOrientations_iPad = "UIInterfaceOrientationPortrait UIInterfaceOrientationPortraitUpsideDown UIInterfaceOrientationLandscapeLeft UIInterfaceOrientationLandscapeRight";
				INFOPLIST_KEY_UISupportedInterfaceOrientations_iPhone = "UIInterfaceOrientationPortrait UIInterfaceOrientationLandscapeLeft UIInterfaceOrientationLandscapeRight";
				LD_RUNPATH_SEARCH_PATHS = (
					"$(inherited)",
					"@executable_path/Frameworks",
				);
				MARKETING_VERSION = 1.0;
				PRODUCT_BUNDLE_IDENTIFIER = com.TCode.EssentialApp;
				PRODUCT_NAME = "$(TARGET_NAME)";
				SWIFT_EMIT_LOC_STRINGS = YES;
				SWIFT_VERSION = 5.0;
				TARGETED_DEVICE_FAMILY = "1,2";
			};
			name = Debug;
		};
		AA96AB58283EA16D003559B5 /* Release */ = {
			isa = XCBuildConfiguration;
			buildSettings = {
				ASSETCATALOG_COMPILER_APPICON_NAME = AppIcon;
				ASSETCATALOG_COMPILER_GLOBAL_ACCENT_COLOR_NAME = AccentColor;
				CODE_SIGN_STYLE = Automatic;
				CURRENT_PROJECT_VERSION = 1;
				DEVELOPMENT_TEAM = 25258ALHUD;
				GENERATE_INFOPLIST_FILE = YES;
				INFOPLIST_FILE = EssentialApp/Info.plist;
				INFOPLIST_KEY_UIApplicationSupportsIndirectInputEvents = YES;
				INFOPLIST_KEY_UILaunchStoryboardName = LaunchScreen;
				INFOPLIST_KEY_UIMainStoryboardFile = Main;
				INFOPLIST_KEY_UISupportedInterfaceOrientations = UIInterfaceOrientationPortrait;
				INFOPLIST_KEY_UISupportedInterfaceOrientations_iPad = "UIInterfaceOrientationPortrait UIInterfaceOrientationPortraitUpsideDown UIInterfaceOrientationLandscapeLeft UIInterfaceOrientationLandscapeRight";
				INFOPLIST_KEY_UISupportedInterfaceOrientations_iPhone = "UIInterfaceOrientationPortrait UIInterfaceOrientationLandscapeLeft UIInterfaceOrientationLandscapeRight";
				LD_RUNPATH_SEARCH_PATHS = (
					"$(inherited)",
					"@executable_path/Frameworks",
				);
				MARKETING_VERSION = 1.0;
				PRODUCT_BUNDLE_IDENTIFIER = com.TCode.EssentialApp;
				PRODUCT_NAME = "$(TARGET_NAME)";
				SWIFT_EMIT_LOC_STRINGS = YES;
				SWIFT_VERSION = 5.0;
				TARGETED_DEVICE_FAMILY = "1,2";
			};
			name = Release;
		};
		AA96AB5A283EA16D003559B5 /* Debug */ = {
			isa = XCBuildConfiguration;
			buildSettings = {
				ALWAYS_EMBED_SWIFT_STANDARD_LIBRARIES = YES;
				BUNDLE_LOADER = "$(TEST_HOST)";
				CODE_SIGN_STYLE = Automatic;
				CURRENT_PROJECT_VERSION = 1;
				DEVELOPMENT_TEAM = 25258ALHUD;
				GENERATE_INFOPLIST_FILE = YES;
				IPHONEOS_DEPLOYMENT_TARGET = 15.5;
				MARKETING_VERSION = 1.0;
				PRODUCT_BUNDLE_IDENTIFIER = com.TCode.EssentialAppTests;
				PRODUCT_NAME = "$(TARGET_NAME)";
				SWIFT_EMIT_LOC_STRINGS = NO;
				SWIFT_VERSION = 5.0;
				TARGETED_DEVICE_FAMILY = "1,2";
				TEST_HOST = "$(BUILT_PRODUCTS_DIR)/EssentialApp.app/EssentialApp";
			};
			name = Debug;
		};
		AA96AB5B283EA16D003559B5 /* Release */ = {
			isa = XCBuildConfiguration;
			buildSettings = {
				ALWAYS_EMBED_SWIFT_STANDARD_LIBRARIES = YES;
				BUNDLE_LOADER = "$(TEST_HOST)";
				CODE_SIGN_STYLE = Automatic;
				CURRENT_PROJECT_VERSION = 1;
				DEVELOPMENT_TEAM = 25258ALHUD;
				GENERATE_INFOPLIST_FILE = YES;
				IPHONEOS_DEPLOYMENT_TARGET = 15.5;
				MARKETING_VERSION = 1.0;
				PRODUCT_BUNDLE_IDENTIFIER = com.TCode.EssentialAppTests;
				PRODUCT_NAME = "$(TARGET_NAME)";
				SWIFT_EMIT_LOC_STRINGS = NO;
				SWIFT_VERSION = 5.0;
				TARGETED_DEVICE_FAMILY = "1,2";
				TEST_HOST = "$(BUILT_PRODUCTS_DIR)/EssentialApp.app/EssentialApp";
			};
			name = Release;
		};
/* End XCBuildConfiguration section */

/* Begin XCConfigurationList section */
		AA96AB27283EA16C003559B5 /* Build configuration list for PBXProject "EssentialApp" */ = {
			isa = XCConfigurationList;
			buildConfigurations = (
				AA96AB54283EA16D003559B5 /* Debug */,
				AA96AB55283EA16D003559B5 /* Release */,
			);
			defaultConfigurationIsVisible = 0;
			defaultConfigurationName = Release;
		};
		AA96AB56283EA16D003559B5 /* Build configuration list for PBXNativeTarget "EssentialApp" */ = {
			isa = XCConfigurationList;
			buildConfigurations = (
				AA96AB57283EA16D003559B5 /* Debug */,
				AA96AB58283EA16D003559B5 /* Release */,
			);
			defaultConfigurationIsVisible = 0;
			defaultConfigurationName = Release;
		};
		AA96AB59283EA16D003559B5 /* Build configuration list for PBXNativeTarget "EssentialAppTests" */ = {
			isa = XCConfigurationList;
			buildConfigurations = (
				AA96AB5A283EA16D003559B5 /* Debug */,
				AA96AB5B283EA16D003559B5 /* Release */,
			);
			defaultConfigurationIsVisible = 0;
			defaultConfigurationName = Release;
		};
/* End XCConfigurationList section */
	};
	rootObject = AA96AB24283EA16C003559B5 /* Project object */;
}
